PODS:
  - BCEventEmitter (0.3.0)
  - SwiftLint (0.42.0)

DEPENDENCIES:
  - BCEventEmitter
  - SwiftLint

SPEC REPOS:
  trunk:
    - BCEventEmitter
    - SwiftLint

SPEC CHECKSUMS:
  BCEventEmitter: 51b69c41acbfaf1beb3c5a71b1dbefac92e54132
  SwiftLint: 4fa9579c63416865179bc416f0a92d55f009600d

PODFILE CHECKSUM: 36a43950f4415ed08efa2224f76413128d146295

COCOAPODS: 1.10.0
