// !$*UTF8*$!
{
	archiveVersion = 1;
	classes = {
	};
	objectVersion = 50;
	objects = {

/* Begin PBXBuildFile section */
		AD62AD7689CD423579B7C6A4 /* libPods-MiniVIBE.a in Frameworks */ = {isa = PBXBuildFile; fileRef = 71F736C7CF8B7E1A46282594 /* libPods-MiniVIBE.a */; };
		B9310176256D73D200DD5ADA /* HomePlayListSectionView.swift in Sources */ = {isa = PBXBuildFile; fileRef = B9310175256D73D200DD5ADA /* HomePlayListSectionView.swift */; };
		B931017C256D741200DD5ADA /* HomePlayListItemView.swift in Sources */ = {isa = PBXBuildFile; fileRef = B931017B256D741200DD5ADA /* HomePlayListItemView.swift */; };
		B9310180256D741D00DD5ADA /* HomePlayListItem.swift in Sources */ = {isa = PBXBuildFile; fileRef = B931017F256D741D00DD5ADA /* HomePlayListItem.swift */; };
		B931018E256D7CC900DD5ADA /* View+vibeTitle2.swift in Sources */ = {isa = PBXBuildFile; fileRef = B931018D256D7CC900DD5ADA /* View+vibeTitle2.swift */; };
		B931019E256D800000DD5ADA /* View+vibeTitle1.swift in Sources */ = {isa = PBXBuildFile; fileRef = B931019D256D800000DD5ADA /* View+vibeTitle1.swift */; };
		B93101A8256D823700DD5ADA /* View+vibeMainText.swift in Sources */ = {isa = PBXBuildFile; fileRef = B93101A7256D823700DD5ADA /* View+vibeMainText.swift */; };
		B93101B2256D848500DD5ADA /* View+vibeTitle3.swift in Sources */ = {isa = PBXBuildFile; fileRef = B93101B1256D848500DD5ADA /* View+vibeTitle3.swift */; };
		B97A5067256E7343003F7DF5 /* CGFloat+defaultValues.swift in Sources */ = {isa = PBXBuildFile; fileRef = B97A5066256E7343003F7DF5 /* CGFloat+defaultValues.swift */; };
		B994C69C25627DBD000E563C /* MiniVIBEApp.swift in Sources */ = {isa = PBXBuildFile; fileRef = B994C69B25627DBD000E563C /* MiniVIBEApp.swift */; };
		B994C69E25627DBD000E563C /* ContentView.swift in Sources */ = {isa = PBXBuildFile; fileRef = B994C69D25627DBD000E563C /* ContentView.swift */; };
		B994C6A325627DBE000E563C /* Preview Assets.xcassets in Resources */ = {isa = PBXBuildFile; fileRef = B994C6A225627DBE000E563C /* Preview Assets.xcassets */; };
		B994C6A525627DBE000E563C /* Persistence.swift in Sources */ = {isa = PBXBuildFile; fileRef = B994C6A425627DBE000E563C /* Persistence.swift */; };
		B994C6A825627DBE000E563C /* MiniVIBE.xcdatamodeld in Sources */ = {isa = PBXBuildFile; fileRef = B994C6A625627DBE000E563C /* MiniVIBE.xcdatamodeld */; };
		B9A156F9256E303A00FFDA20 /* HomeDJStationSectionView.swift in Sources */ = {isa = PBXBuildFile; fileRef = B9A156F8256E303A00FFDA20 /* HomeDJStationSectionView.swift */; };
		B9A156FF256E307900FFDA20 /* HomeDJStationItemView.swift in Sources */ = {isa = PBXBuildFile; fileRef = B9A156FE256E307900FFDA20 /* HomeDJStationItemView.swift */; };
		B9A15703256E308900FFDA20 /* HomeDJStationItem.swift in Sources */ = {isa = PBXBuildFile; fileRef = B9A15702256E308900FFDA20 /* HomeDJStationItem.swift */; };
		B9B4D1EB256E5BB600EC2FE2 /* MoreHeaderView.swift in Sources */ = {isa = PBXBuildFile; fileRef = B9B4D1EA256E5BB600EC2FE2 /* MoreHeaderView.swift */; };
		B9B4D1F6256E5C7D00EC2FE2 /* HomeHeaderView.swift in Sources */ = {isa = PBXBuildFile; fileRef = B95964E0256CEF520041B135 /* HomeHeaderView.swift */; };
		B9B4D1F9256E5C8A00EC2FE2 /* Color+vibePink.swift in Sources */ = {isa = PBXBuildFile; fileRef = B9DB8A19256CFE6900D3F1A2 /* Color+vibePink.swift */; };
		B9B4D1FA256E5C8A00EC2FE2 /* HomeSummarySectionView.swift in Sources */ = {isa = PBXBuildFile; fileRef = B93ED12E256BBC7D0033C43B /* HomeSummarySectionView.swift */; };
		B9B4D1FF256E5CC300EC2FE2 /* HomeSummaryItemView.swift in Sources */ = {isa = PBXBuildFile; fileRef = B95964D4256CDF9D0041B135 /* HomeSummaryItemView.swift */; };
		B9B6279925628130006B0F00 /* .swiftlint.yml in Resources */ = {isa = PBXBuildFile; fileRef = B9B6279825628130006B0F00 /* .swiftlint.yml */; };
		B9B627A2256281BE006B0F00 /* MiniVIBETests.swift in Sources */ = {isa = PBXBuildFile; fileRef = B9B627A1256281BE006B0F00 /* MiniVIBETests.swift */; };
		B9D18FDF256CD7B000ECEFEC /* HomeSummaryItem.swift in Sources */ = {isa = PBXBuildFile; fileRef = B9D18FDE256CD7B000ECEFEC /* HomeSummaryItem.swift */; };
		B9DB8A20256D08F500D3F1A2 /* ArtistSection.swift in Sources */ = {isa = PBXBuildFile; fileRef = B9DB8A1F256D08F500D3F1A2 /* ArtistSection.swift */; };
		B9F0BDAC256ED2B7004A2852 /* SectionScrollView.swift in Sources */ = {isa = PBXBuildFile; fileRef = B9F0BDAB256ED2B7004A2852 /* SectionScrollView.swift */; };
		B9F0BDCA256EDDB3004A2852 /* CGFloat+twoItemImageWidth.swift in Sources */ = {isa = PBXBuildFile; fileRef = B9F0BDC9256EDDB3004A2852 /* CGFloat+twoItemImageWidth.swift */; };
		B9F0BDD0256EDE41004A2852 /* CGFloat+oneItemImageWidth.swift in Sources */ = {isa = PBXBuildFile; fileRef = B9F0BDCF256EDE41004A2852 /* CGFloat+oneItemImageWidth.swift */; };
		B9F0BDD4256EE031004A2852 /* ImageItemView.swift in Sources */ = {isa = PBXBuildFile; fileRef = B9F0BDD3256EE031004A2852 /* ImageItemView.swift */; };
		DE09042F256CCE11002914B5 /* HomeMagazineSectionView.swift in Sources */ = {isa = PBXBuildFile; fileRef = DE09042E256CCE11002914B5 /* HomeMagazineSectionView.swift */; };
		DE090443256D098A002914B5 /* HomeNowItemView.swift in Sources */ = {isa = PBXBuildFile; fileRef = DE090442256D098A002914B5 /* HomeNowItemView.swift */; };
		DE090447256D09CC002914B5 /* HomeNowReplayItem.swift in Sources */ = {isa = PBXBuildFile; fileRef = DE090446256D09CC002914B5 /* HomeNowReplayItem.swift */; };
		DE09044B256D0A5D002914B5 /* HomeMagazineItemView.swift in Sources */ = {isa = PBXBuildFile; fileRef = DE09044A256D0A5D002914B5 /* HomeMagazineItemView.swift */; };
		DE09044F256D0B33002914B5 /* HomeMagazineItem.swift in Sources */ = {isa = PBXBuildFile; fileRef = DE09044E256D0B33002914B5 /* HomeMagazineItem.swift */; };
		DE35E2ED256D569500F369BE /* HomeNewAlbumItem.swift in Sources */ = {isa = PBXBuildFile; fileRef = DE35E2EC256D569500F369BE /* HomeNewAlbumItem.swift */; };
		DE35E2F3256D56AE00F369BE /* HomeNewAlbumItemView.swift in Sources */ = {isa = PBXBuildFile; fileRef = DE35E2F2256D56AE00F369BE /* HomeNewAlbumItemView.swift */; };
		DE35E2F7256D56BF00F369BE /* HomeNewAlbumSectionView.swift in Sources */ = {isa = PBXBuildFile; fileRef = DE35E2F6256D56BF00F369BE /* HomeNewAlbumSectionView.swift */; };
		DE3D6F8925640FE800C236EF /* HomeFooterView.swift in Sources */ = {isa = PBXBuildFile; fileRef = DE3D6F8825640FE800C236EF /* HomeFooterView.swift */; };
		DE3D6F95256414EA00C236EF /* HomeNowSectionView.swift in Sources */ = {isa = PBXBuildFile; fileRef = DE3D6F94256414EA00C236EF /* HomeNowSectionView.swift */; };
		DE3EF6D2257361EC00A25B71 /* MusicPlayerView.swift in Sources */ = {isa = PBXBuildFile; fileRef = DE3EF6D1257361EC00A25B71 /* MusicPlayerView.swift */; };
		DE7516A025776F990054AFC6 /* DBRepository.swift in Sources */ = {isa = PBXBuildFile; fileRef = DE75169F25776F990054AFC6 /* DBRepository.swift */; };
		DE8F52DA256D829500A7735F /* HomeVibeRecommendItem.swift in Sources */ = {isa = PBXBuildFile; fileRef = DE8F52D9256D829500A7735F /* HomeVibeRecommendItem.swift */; };
		DE8F52E0256D82AC00A7735F /* HomeVibeRecommendSectionView.swift in Sources */ = {isa = PBXBuildFile; fileRef = DE8F52DF256D82AC00A7735F /* HomeVibeRecommendSectionView.swift */; };
		DE8F52E4256D82C500A7735F /* HomeVibeRecommendItemView.swift in Sources */ = {isa = PBXBuildFile; fileRef = DE8F52E3256D82C500A7735F /* HomeVibeRecommendItemView.swift */; };
		DEB6A6ED2572C89F00C97A0C /* DetailHeaderView.swift in Sources */ = {isa = PBXBuildFile; fileRef = DEB6A6EC2572C89E00C97A0C /* DetailHeaderView.swift */; };
		DEC076DA2563AEBE004862AA /* HomeView.swift in Sources */ = {isa = PBXBuildFile; fileRef = DEC076D92563AEBE004862AA /* HomeView.swift */; };
		DEF5EFE925723A01006666DC /* NowPlayingBarView.swift in Sources */ = {isa = PBXBuildFile; fileRef = DEF5EFE825723A01006666DC /* NowPlayingBarView.swift */; };
		DEF5EFEE25727E47006666DC /* Song.swift in Sources */ = {isa = PBXBuildFile; fileRef = DEF5EFED25727E47006666DC /* Song.swift */; };
		DEF5EFF225727E58006666DC /* MusicPlayer.swift in Sources */ = {isa = PBXBuildFile; fileRef = DEF5EFF125727E58006666DC /* MusicPlayer.swift */; };
		DEF5EFFB25728C00006666DC /* HomeVibeRecommendDetailView.swift in Sources */ = {isa = PBXBuildFile; fileRef = DEF5EFFA25728C00006666DC /* HomeVibeRecommendDetailView.swift */; };
		DEF8AEF62563C81200CE2A2F /* Assets.xcassets in Resources */ = {isa = PBXBuildFile; fileRef = DEF8AEF52563C81200CE2A2F /* Assets.xcassets */; };
/* End PBXBuildFile section */

/* Begin PBXContainerItemProxy section */
		B9B627A4256281BE006B0F00 /* PBXContainerItemProxy */ = {
			isa = PBXContainerItemProxy;
			containerPortal = B994C69025627DBD000E563C /* Project object */;
			proxyType = 1;
			remoteGlobalIDString = B994C69725627DBD000E563C;
			remoteInfo = MiniVIBE;
		};
/* End PBXContainerItemProxy section */

/* Begin PBXFileReference section */
		71F736C7CF8B7E1A46282594 /* libPods-MiniVIBE.a */ = {isa = PBXFileReference; explicitFileType = archive.ar; includeInIndex = 0; path = "libPods-MiniVIBE.a"; sourceTree = BUILT_PRODUCTS_DIR; };
		B251DDD6E742687B7610BEE2 /* Pods-MiniVIBE.debug.xcconfig */ = {isa = PBXFileReference; includeInIndex = 1; lastKnownFileType = text.xcconfig; name = "Pods-MiniVIBE.debug.xcconfig"; path = "Target Support Files/Pods-MiniVIBE/Pods-MiniVIBE.debug.xcconfig"; sourceTree = "<group>"; };
		B9310175256D73D200DD5ADA /* HomePlayListSectionView.swift */ = {isa = PBXFileReference; lastKnownFileType = sourcecode.swift; path = HomePlayListSectionView.swift; sourceTree = "<group>"; };
		B931017B256D741200DD5ADA /* HomePlayListItemView.swift */ = {isa = PBXFileReference; lastKnownFileType = sourcecode.swift; path = HomePlayListItemView.swift; sourceTree = "<group>"; };
		B931017F256D741D00DD5ADA /* HomePlayListItem.swift */ = {isa = PBXFileReference; lastKnownFileType = sourcecode.swift; path = HomePlayListItem.swift; sourceTree = "<group>"; };
		B931018D256D7CC900DD5ADA /* View+vibeTitle2.swift */ = {isa = PBXFileReference; lastKnownFileType = sourcecode.swift; path = "View+vibeTitle2.swift"; sourceTree = "<group>"; };
		B931019D256D800000DD5ADA /* View+vibeTitle1.swift */ = {isa = PBXFileReference; lastKnownFileType = sourcecode.swift; path = "View+vibeTitle1.swift"; sourceTree = "<group>"; };
		B93101A7256D823700DD5ADA /* View+vibeMainText.swift */ = {isa = PBXFileReference; lastKnownFileType = sourcecode.swift; path = "View+vibeMainText.swift"; sourceTree = "<group>"; };
		B93101B1256D848500DD5ADA /* View+vibeTitle3.swift */ = {isa = PBXFileReference; lastKnownFileType = sourcecode.swift; path = "View+vibeTitle3.swift"; sourceTree = "<group>"; };
		B93ED12E256BBC7D0033C43B /* HomeSummarySectionView.swift */ = {isa = PBXFileReference; lastKnownFileType = sourcecode.swift; path = HomeSummarySectionView.swift; sourceTree = "<group>"; };
		B95964D4256CDF9D0041B135 /* HomeSummaryItemView.swift */ = {isa = PBXFileReference; lastKnownFileType = sourcecode.swift; path = HomeSummaryItemView.swift; sourceTree = "<group>"; };
		B95964E0256CEF520041B135 /* HomeHeaderView.swift */ = {isa = PBXFileReference; lastKnownFileType = sourcecode.swift; path = HomeHeaderView.swift; sourceTree = "<group>"; };
		B97A5066256E7343003F7DF5 /* CGFloat+defaultValues.swift */ = {isa = PBXFileReference; lastKnownFileType = sourcecode.swift; path = "CGFloat+defaultValues.swift"; sourceTree = "<group>"; };
		B994C69825627DBD000E563C /* MiniVIBE.app */ = {isa = PBXFileReference; explicitFileType = wrapper.application; includeInIndex = 0; path = MiniVIBE.app; sourceTree = BUILT_PRODUCTS_DIR; };
		B994C69B25627DBD000E563C /* MiniVIBEApp.swift */ = {isa = PBXFileReference; lastKnownFileType = sourcecode.swift; path = MiniVIBEApp.swift; sourceTree = "<group>"; };
		B994C69D25627DBD000E563C /* ContentView.swift */ = {isa = PBXFileReference; lastKnownFileType = sourcecode.swift; path = ContentView.swift; sourceTree = "<group>"; };
		B994C6A225627DBE000E563C /* Preview Assets.xcassets */ = {isa = PBXFileReference; lastKnownFileType = folder.assetcatalog; path = "Preview Assets.xcassets"; sourceTree = "<group>"; };
		B994C6A425627DBE000E563C /* Persistence.swift */ = {isa = PBXFileReference; lastKnownFileType = sourcecode.swift; path = Persistence.swift; sourceTree = "<group>"; };
		B994C6A725627DBE000E563C /* MiniVIBE.xcdatamodel */ = {isa = PBXFileReference; lastKnownFileType = wrapper.xcdatamodel; path = MiniVIBE.xcdatamodel; sourceTree = "<group>"; };
		B994C6A925627DBE000E563C /* Info.plist */ = {isa = PBXFileReference; lastKnownFileType = text.plist.xml; path = Info.plist; sourceTree = "<group>"; };
		B9A156F8256E303A00FFDA20 /* HomeDJStationSectionView.swift */ = {isa = PBXFileReference; lastKnownFileType = sourcecode.swift; path = HomeDJStationSectionView.swift; sourceTree = "<group>"; };
		B9A156FE256E307900FFDA20 /* HomeDJStationItemView.swift */ = {isa = PBXFileReference; lastKnownFileType = sourcecode.swift; path = HomeDJStationItemView.swift; sourceTree = "<group>"; };
		B9A15702256E308900FFDA20 /* HomeDJStationItem.swift */ = {isa = PBXFileReference; lastKnownFileType = sourcecode.swift; path = HomeDJStationItem.swift; sourceTree = "<group>"; };
		B9B4D1EA256E5BB600EC2FE2 /* MoreHeaderView.swift */ = {isa = PBXFileReference; lastKnownFileType = sourcecode.swift; path = MoreHeaderView.swift; sourceTree = "<group>"; };
		B9B6279825628130006B0F00 /* .swiftlint.yml */ = {isa = PBXFileReference; fileEncoding = 4; lastKnownFileType = text.yaml; path = .swiftlint.yml; sourceTree = "<group>"; };
		B9B6279F256281BE006B0F00 /* MiniVIBETests.xctest */ = {isa = PBXFileReference; explicitFileType = wrapper.cfbundle; includeInIndex = 0; path = MiniVIBETests.xctest; sourceTree = BUILT_PRODUCTS_DIR; };
		B9B627A1256281BE006B0F00 /* MiniVIBETests.swift */ = {isa = PBXFileReference; lastKnownFileType = sourcecode.swift; path = MiniVIBETests.swift; sourceTree = "<group>"; };
		B9B627A3256281BE006B0F00 /* Info.plist */ = {isa = PBXFileReference; lastKnownFileType = text.plist.xml; path = Info.plist; sourceTree = "<group>"; };
		B9D18FDE256CD7B000ECEFEC /* HomeSummaryItem.swift */ = {isa = PBXFileReference; lastKnownFileType = sourcecode.swift; path = HomeSummaryItem.swift; sourceTree = "<group>"; };
		B9DB8A19256CFE6900D3F1A2 /* Color+vibePink.swift */ = {isa = PBXFileReference; lastKnownFileType = sourcecode.swift; path = "Color+vibePink.swift"; sourceTree = "<group>"; };
		B9DB8A1F256D08F500D3F1A2 /* ArtistSection.swift */ = {isa = PBXFileReference; lastKnownFileType = sourcecode.swift; path = ArtistSection.swift; sourceTree = "<group>"; };
		B9F0BDAB256ED2B7004A2852 /* SectionScrollView.swift */ = {isa = PBXFileReference; lastKnownFileType = sourcecode.swift; path = SectionScrollView.swift; sourceTree = "<group>"; };
		B9F0BDC9256EDDB3004A2852 /* CGFloat+twoItemImageWidth.swift */ = {isa = PBXFileReference; lastKnownFileType = sourcecode.swift; path = "CGFloat+twoItemImageWidth.swift"; sourceTree = "<group>"; };
		B9F0BDCF256EDE41004A2852 /* CGFloat+oneItemImageWidth.swift */ = {isa = PBXFileReference; lastKnownFileType = sourcecode.swift; path = "CGFloat+oneItemImageWidth.swift"; sourceTree = "<group>"; };
		B9F0BDD3256EE031004A2852 /* ImageItemView.swift */ = {isa = PBXFileReference; lastKnownFileType = sourcecode.swift; path = ImageItemView.swift; sourceTree = "<group>"; };
		D79633046F581A9010E0BE59 /* Pods-MiniVIBE.release.xcconfig */ = {isa = PBXFileReference; includeInIndex = 1; lastKnownFileType = text.xcconfig; name = "Pods-MiniVIBE.release.xcconfig"; path = "Target Support Files/Pods-MiniVIBE/Pods-MiniVIBE.release.xcconfig"; sourceTree = "<group>"; };
		DE09042E256CCE11002914B5 /* HomeMagazineSectionView.swift */ = {isa = PBXFileReference; lastKnownFileType = sourcecode.swift; path = HomeMagazineSectionView.swift; sourceTree = "<group>"; };
		DE090442256D098A002914B5 /* HomeNowItemView.swift */ = {isa = PBXFileReference; lastKnownFileType = sourcecode.swift; path = HomeNowItemView.swift; sourceTree = "<group>"; };
		DE090446256D09CC002914B5 /* HomeNowReplayItem.swift */ = {isa = PBXFileReference; lastKnownFileType = sourcecode.swift; path = HomeNowReplayItem.swift; sourceTree = "<group>"; };
		DE09044A256D0A5D002914B5 /* HomeMagazineItemView.swift */ = {isa = PBXFileReference; lastKnownFileType = sourcecode.swift; path = HomeMagazineItemView.swift; sourceTree = "<group>"; };
		DE09044E256D0B33002914B5 /* HomeMagazineItem.swift */ = {isa = PBXFileReference; lastKnownFileType = sourcecode.swift; path = HomeMagazineItem.swift; sourceTree = "<group>"; };
		DE35E2EC256D569500F369BE /* HomeNewAlbumItem.swift */ = {isa = PBXFileReference; lastKnownFileType = sourcecode.swift; path = HomeNewAlbumItem.swift; sourceTree = "<group>"; };
		DE35E2F2256D56AE00F369BE /* HomeNewAlbumItemView.swift */ = {isa = PBXFileReference; lastKnownFileType = sourcecode.swift; path = HomeNewAlbumItemView.swift; sourceTree = "<group>"; };
		DE35E2F6256D56BF00F369BE /* HomeNewAlbumSectionView.swift */ = {isa = PBXFileReference; lastKnownFileType = sourcecode.swift; path = HomeNewAlbumSectionView.swift; sourceTree = "<group>"; };
		DE3D6F8825640FE800C236EF /* HomeFooterView.swift */ = {isa = PBXFileReference; lastKnownFileType = sourcecode.swift; path = HomeFooterView.swift; sourceTree = "<group>"; };
		DE3D6F94256414EA00C236EF /* HomeNowSectionView.swift */ = {isa = PBXFileReference; lastKnownFileType = sourcecode.swift; path = HomeNowSectionView.swift; sourceTree = "<group>"; };
		DE3EF6D1257361EC00A25B71 /* MusicPlayerView.swift */ = {isa = PBXFileReference; lastKnownFileType = sourcecode.swift; path = MusicPlayerView.swift; sourceTree = "<group>"; };
		DE75169F25776F990054AFC6 /* DBRepository.swift */ = {isa = PBXFileReference; lastKnownFileType = sourcecode.swift; path = DBRepository.swift; sourceTree = "<group>"; };
		DE8F52D9256D829500A7735F /* HomeVibeRecommendItem.swift */ = {isa = PBXFileReference; lastKnownFileType = sourcecode.swift; path = HomeVibeRecommendItem.swift; sourceTree = "<group>"; };
		DE8F52DF256D82AC00A7735F /* HomeVibeRecommendSectionView.swift */ = {isa = PBXFileReference; lastKnownFileType = sourcecode.swift; path = HomeVibeRecommendSectionView.swift; sourceTree = "<group>"; };
		DE8F52E3256D82C500A7735F /* HomeVibeRecommendItemView.swift */ = {isa = PBXFileReference; lastKnownFileType = sourcecode.swift; path = HomeVibeRecommendItemView.swift; sourceTree = "<group>"; };
		DEB6A6EC2572C89E00C97A0C /* DetailHeaderView.swift */ = {isa = PBXFileReference; lastKnownFileType = sourcecode.swift; path = DetailHeaderView.swift; sourceTree = "<group>"; };
		DEC076D92563AEBE004862AA /* HomeView.swift */ = {isa = PBXFileReference; lastKnownFileType = sourcecode.swift; path = HomeView.swift; sourceTree = "<group>"; };
		DEF5EFE825723A01006666DC /* NowPlayingBarView.swift */ = {isa = PBXFileReference; lastKnownFileType = sourcecode.swift; path = NowPlayingBarView.swift; sourceTree = "<group>"; };
		DEF5EFED25727E47006666DC /* Song.swift */ = {isa = PBXFileReference; lastKnownFileType = sourcecode.swift; path = Song.swift; sourceTree = "<group>"; };
		DEF5EFF125727E58006666DC /* MusicPlayer.swift */ = {isa = PBXFileReference; lastKnownFileType = sourcecode.swift; path = MusicPlayer.swift; sourceTree = "<group>"; };
		DEF5EFFA25728C00006666DC /* HomeVibeRecommendDetailView.swift */ = {isa = PBXFileReference; lastKnownFileType = sourcecode.swift; path = HomeVibeRecommendDetailView.swift; sourceTree = "<group>"; };
		DEF8AEF52563C81200CE2A2F /* Assets.xcassets */ = {isa = PBXFileReference; lastKnownFileType = folder.assetcatalog; path = Assets.xcassets; sourceTree = "<group>"; };
/* End PBXFileReference section */

/* Begin PBXFrameworksBuildPhase section */
		B994C69525627DBD000E563C /* Frameworks */ = {
			isa = PBXFrameworksBuildPhase;
			buildActionMask = 2147483647;
			files = (
				AD62AD7689CD423579B7C6A4 /* libPods-MiniVIBE.a in Frameworks */,
			);
			runOnlyForDeploymentPostprocessing = 0;
		};
		B9B6279C256281BE006B0F00 /* Frameworks */ = {
			isa = PBXFrameworksBuildPhase;
			buildActionMask = 2147483647;
			files = (
			);
			runOnlyForDeploymentPostprocessing = 0;
		};
/* End PBXFrameworksBuildPhase section */

/* Begin PBXGroup section */
		0718D3CA313ECA24B75B795F /* Pods */ = {
			isa = PBXGroup;
			children = (
				B251DDD6E742687B7610BEE2 /* Pods-MiniVIBE.debug.xcconfig */,
				D79633046F581A9010E0BE59 /* Pods-MiniVIBE.release.xcconfig */,
			);
			path = Pods;
			sourceTree = "<group>";
		};
		B9310174256D73A000DD5ADA /* HomePlayListSection */ = {
			isa = PBXGroup;
			children = (
				B9310175256D73D200DD5ADA /* HomePlayListSectionView.swift */,
				B931017B256D741200DD5ADA /* HomePlayListItemView.swift */,
				B931017F256D741D00DD5ADA /* HomePlayListItem.swift */,
			);
			path = HomePlayListSection;
			sourceTree = "<group>";
		};
		B994C68F25627DBD000E563C = {
			isa = PBXGroup;
			children = (
				B9B6279825628130006B0F00 /* .swiftlint.yml */,
				B994C69A25627DBD000E563C /* MiniVIBE */,
				B9B627A0256281BE006B0F00 /* MiniVIBETests */,
				B994C69925627DBD000E563C /* Products */,
				0718D3CA313ECA24B75B795F /* Pods */,
				CA233B27D449220AF6D7CF38 /* Frameworks */,
			);
			sourceTree = "<group>";
		};
		B994C69925627DBD000E563C /* Products */ = {
			isa = PBXGroup;
			children = (
				B994C69825627DBD000E563C /* MiniVIBE.app */,
				B9B6279F256281BE006B0F00 /* MiniVIBETests.xctest */,
			);
			name = Products;
			sourceTree = "<group>";
		};
		B994C69A25627DBD000E563C /* MiniVIBE */ = {
			isa = PBXGroup;
			children = (
				DE75169E25776F8A0054AFC6 /* Repository */,
				DEF5EFEC25727DF8006666DC /* Models */,
				B9DB8A17256CFE0200D3F1A2 /* Common */,
				B9D18FD8256CD61600ECEFEC /* HomeView */,
				B994C69D25627DBD000E563C /* ContentView.swift */,
				B994C69B25627DBD000E563C /* MiniVIBEApp.swift */,
				DEF8AEF52563C81200CE2A2F /* Assets.xcassets */,
				B994C6A425627DBE000E563C /* Persistence.swift */,
				B994C6A925627DBE000E563C /* Info.plist */,
				B994C6A625627DBE000E563C /* MiniVIBE.xcdatamodeld */,
				B994C6A125627DBE000E563C /* Preview Content */,
			);
			path = MiniVIBE;
			sourceTree = "<group>";
		};
		B994C6A125627DBE000E563C /* Preview Content */ = {
			isa = PBXGroup;
			children = (
				B994C6A225627DBE000E563C /* Preview Assets.xcassets */,
			);
			path = "Preview Content";
			sourceTree = "<group>";
		};
		B9A156F7256E2EDA00FFDA20 /* HomeDJStationSection */ = {
			isa = PBXGroup;
			children = (
				B9A156F8256E303A00FFDA20 /* HomeDJStationSectionView.swift */,
				B9A156FE256E307900FFDA20 /* HomeDJStationItemView.swift */,
				B9A15702256E308900FFDA20 /* HomeDJStationItem.swift */,
			);
			path = HomeDJStationSection;
			sourceTree = "<group>";
		};
		B9B4D1E9256E5BAC00EC2FE2 /* View */ = {
			isa = PBXGroup;
			children = (
				B9B4D1EA256E5BB600EC2FE2 /* MoreHeaderView.swift */,
				B9F0BDAB256ED2B7004A2852 /* SectionScrollView.swift */,
				B9F0BDD3256EE031004A2852 /* ImageItemView.swift */,
				DEF5EFE825723A01006666DC /* NowPlayingBarView.swift */,
				DEB6A6EC2572C89E00C97A0C /* DetailHeaderView.swift */,
				DE3EF6D1257361EC00A25B71 /* MusicPlayerView.swift */,
			);
			path = View;
			sourceTree = "<group>";
		};
		B9B627A0256281BE006B0F00 /* MiniVIBETests */ = {
			isa = PBXGroup;
			children = (
				B9B627A1256281BE006B0F00 /* MiniVIBETests.swift */,
				B9B627A3256281BE006B0F00 /* Info.plist */,
			);
			path = MiniVIBETests;
			sourceTree = "<group>";
		};
		B9D18FD8256CD61600ECEFEC /* HomeView */ = {
			isa = PBXGroup;
			children = (
				DEC076D92563AEBE004862AA /* HomeView.swift */,
				B95964E0256CEF520041B135 /* HomeHeaderView.swift */,
				DE3D6F8825640FE800C236EF /* HomeFooterView.swift */,
				B9D18FD9256CD62400ECEFEC /* HomeSummarySection */,
				DE8F52D8256D823B00A7735F /* HomeVibeRecommendSection */,
				DE35E2EB256D564900F369BE /* HomeNewAlbum */,
				DE09043F256D0827002914B5 /* HomeMagazineSection */,
				DE09043E256D07F4002914B5 /* HomeNowSection */,
				B9DB8A23256D08FC00D3F1A2 /* HomeArtistSection */,
				B9310174256D73A000DD5ADA /* HomePlayListSection */,
				B9A156F7256E2EDA00FFDA20 /* HomeDJStationSection */,
			);
			path = HomeView;
			sourceTree = "<group>";
		};
		B9D18FD9256CD62400ECEFEC /* HomeSummarySection */ = {
			isa = PBXGroup;
			children = (
				B93ED12E256BBC7D0033C43B /* HomeSummarySectionView.swift */,
				B95964D4256CDF9D0041B135 /* HomeSummaryItemView.swift */,
				B9D18FDE256CD7B000ECEFEC /* HomeSummaryItem.swift */,
			);
			path = HomeSummarySection;
			sourceTree = "<group>";
		};
		B9DB8A17256CFE0200D3F1A2 /* Common */ = {
			isa = PBXGroup;
			children = (
				B9B4D1E9256E5BAC00EC2FE2 /* View */,
				B9DB8A18256CFE1C00D3F1A2 /* Extension */,
			);
			path = Common;
			sourceTree = "<group>";
		};
		B9DB8A18256CFE1C00D3F1A2 /* Extension */ = {
			isa = PBXGroup;
			children = (
				B931019D256D800000DD5ADA /* View+vibeTitle1.swift */,
				B931018D256D7CC900DD5ADA /* View+vibeTitle2.swift */,
				B93101B1256D848500DD5ADA /* View+vibeTitle3.swift */,
				B93101A7256D823700DD5ADA /* View+vibeMainText.swift */,
				B9DB8A19256CFE6900D3F1A2 /* Color+vibePink.swift */,
				B97A5066256E7343003F7DF5 /* CGFloat+defaultValues.swift */,
				B9F0BDC9256EDDB3004A2852 /* CGFloat+twoItemImageWidth.swift */,
				B9F0BDCF256EDE41004A2852 /* CGFloat+oneItemImageWidth.swift */,
			);
			path = Extension;
			sourceTree = "<group>";
		};
		B9DB8A23256D08FC00D3F1A2 /* HomeArtistSection */ = {
			isa = PBXGroup;
			children = (
				B9DB8A1F256D08F500D3F1A2 /* ArtistSection.swift */,
			);
			path = HomeArtistSection;
			sourceTree = "<group>";
		};
		CA233B27D449220AF6D7CF38 /* Frameworks */ = {
			isa = PBXGroup;
			children = (
				71F736C7CF8B7E1A46282594 /* libPods-MiniVIBE.a */,
			);
			name = Frameworks;
			sourceTree = "<group>";
		};
		DE09043E256D07F4002914B5 /* HomeNowSection */ = {
			isa = PBXGroup;
			children = (
				DE3D6F94256414EA00C236EF /* HomeNowSectionView.swift */,
				DE090442256D098A002914B5 /* HomeNowItemView.swift */,
				DE090446256D09CC002914B5 /* HomeNowReplayItem.swift */,
			);
			path = HomeNowSection;
			sourceTree = "<group>";
		};
		DE09043F256D0827002914B5 /* HomeMagazineSection */ = {
			isa = PBXGroup;
			children = (
				DE09042E256CCE11002914B5 /* HomeMagazineSectionView.swift */,
				DE09044A256D0A5D002914B5 /* HomeMagazineItemView.swift */,
				DE09044E256D0B33002914B5 /* HomeMagazineItem.swift */,
			);
			path = HomeMagazineSection;
			sourceTree = "<group>";
		};
		DE35E2EB256D564900F369BE /* HomeNewAlbum */ = {
			isa = PBXGroup;
			children = (
				DE35E2F6256D56BF00F369BE /* HomeNewAlbumSectionView.swift */,
				DE35E2F2256D56AE00F369BE /* HomeNewAlbumItemView.swift */,
				DE35E2EC256D569500F369BE /* HomeNewAlbumItem.swift */,
			);
			path = HomeNewAlbum;
			sourceTree = "<group>";
		};
		DE75169E25776F8A0054AFC6 /* Repository */ = {
			isa = PBXGroup;
			children = (
				DE75169F25776F990054AFC6 /* DBRepository.swift */,
			);
			path = Repository;
			sourceTree = "<group>";
		};
		DE8F52D8256D823B00A7735F /* HomeVibeRecommendSection */ = {
			isa = PBXGroup;
			children = (
				DE8F52DF256D82AC00A7735F /* HomeVibeRecommendSectionView.swift */,
				DE8F52E3256D82C500A7735F /* HomeVibeRecommendItemView.swift */,
				DE8F52D9256D829500A7735F /* HomeVibeRecommendItem.swift */,
				DEF5EFF925728BB7006666DC /* HomeVibeRecommendDetail */,
			);
			path = HomeVibeRecommendSection;
			sourceTree = "<group>";
		};
		DEF5EFEC25727DF8006666DC /* Models */ = {
			isa = PBXGroup;
			children = (
				DEF5EFED25727E47006666DC /* Song.swift */,
				DEF5EFF125727E58006666DC /* MusicPlayer.swift */,
			);
			path = Models;
			sourceTree = "<group>";
		};
		DEF5EFF925728BB7006666DC /* HomeVibeRecommendDetail */ = {
			isa = PBXGroup;
			children = (
				DEF5EFFA25728C00006666DC /* HomeVibeRecommendDetailView.swift */,
			);
			path = HomeVibeRecommendDetail;
			sourceTree = "<group>";
		};
/* End PBXGroup section */

/* Begin PBXNativeTarget section */
		B994C69725627DBD000E563C /* MiniVIBE */ = {
			isa = PBXNativeTarget;
			buildConfigurationList = B994C6AC25627DBE000E563C /* Build configuration list for PBXNativeTarget "MiniVIBE" */;
			buildPhases = (
				A5459FF9EB284B23934C9B38 /* [CP] Check Pods Manifest.lock */,
				B994C69425627DBD000E563C /* Sources */,
				B994C69525627DBD000E563C /* Frameworks */,
				B994C69625627DBD000E563C /* Resources */,
				B9B62796256280A7006B0F00 /* ShellScript */,
			);
			buildRules = (
			);
			dependencies = (
			);
			name = MiniVIBE;
			productName = MiniVIBE;
			productReference = B994C69825627DBD000E563C /* MiniVIBE.app */;
			productType = "com.apple.product-type.application";
		};
		B9B6279E256281BE006B0F00 /* MiniVIBETests */ = {
			isa = PBXNativeTarget;
			buildConfigurationList = B9B627A6256281BE006B0F00 /* Build configuration list for PBXNativeTarget "MiniVIBETests" */;
			buildPhases = (
				B9B6279B256281BE006B0F00 /* Sources */,
				B9B6279C256281BE006B0F00 /* Frameworks */,
				B9B6279D256281BE006B0F00 /* Resources */,
			);
			buildRules = (
			);
			dependencies = (
				B9B627A5256281BE006B0F00 /* PBXTargetDependency */,
			);
			name = MiniVIBETests;
			productName = MiniVIBETests;
			productReference = B9B6279F256281BE006B0F00 /* MiniVIBETests.xctest */;
			productType = "com.apple.product-type.bundle.unit-test";
		};
/* End PBXNativeTarget section */

/* Begin PBXProject section */
		B994C69025627DBD000E563C /* Project object */ = {
			isa = PBXProject;
			attributes = {
				LastSwiftUpdateCheck = 1220;
				LastUpgradeCheck = 1220;
				TargetAttributes = {
					B994C69725627DBD000E563C = {
						CreatedOnToolsVersion = 12.2;
					};
					B9B6279E256281BE006B0F00 = {
						CreatedOnToolsVersion = 12.2;
						TestTargetID = B994C69725627DBD000E563C;
					};
				};
			};
			buildConfigurationList = B994C69325627DBD000E563C /* Build configuration list for PBXProject "MiniVIBE" */;
			compatibilityVersion = "Xcode 9.3";
			developmentRegion = en;
			hasScannedForEncodings = 0;
			knownRegions = (
				en,
				Base,
			);
			mainGroup = B994C68F25627DBD000E563C;
			productRefGroup = B994C69925627DBD000E563C /* Products */;
			projectDirPath = "";
			projectRoot = "";
			targets = (
				B994C69725627DBD000E563C /* MiniVIBE */,
				B9B6279E256281BE006B0F00 /* MiniVIBETests */,
			);
		};
/* End PBXProject section */

/* Begin PBXResourcesBuildPhase section */
		B994C69625627DBD000E563C /* Resources */ = {
			isa = PBXResourcesBuildPhase;
			buildActionMask = 2147483647;
			files = (
				B9B6279925628130006B0F00 /* .swiftlint.yml in Resources */,
				DEF8AEF62563C81200CE2A2F /* Assets.xcassets in Resources */,
				B994C6A325627DBE000E563C /* Preview Assets.xcassets in Resources */,
			);
			runOnlyForDeploymentPostprocessing = 0;
		};
		B9B6279D256281BE006B0F00 /* Resources */ = {
			isa = PBXResourcesBuildPhase;
			buildActionMask = 2147483647;
			files = (
			);
			runOnlyForDeploymentPostprocessing = 0;
		};
/* End PBXResourcesBuildPhase section */

/* Begin PBXShellScriptBuildPhase section */
		A5459FF9EB284B23934C9B38 /* [CP] Check Pods Manifest.lock */ = {
			isa = PBXShellScriptBuildPhase;
			buildActionMask = 2147483647;
			files = (
			);
			inputFileListPaths = (
			);
			inputPaths = (
				"${PODS_PODFILE_DIR_PATH}/Podfile.lock",
				"${PODS_ROOT}/Manifest.lock",
			);
			name = "[CP] Check Pods Manifest.lock";
			outputFileListPaths = (
			);
			outputPaths = (
				"$(DERIVED_FILE_DIR)/Pods-MiniVIBE-checkManifestLockResult.txt",
			);
			runOnlyForDeploymentPostprocessing = 0;
			shellPath = /bin/sh;
			shellScript = "diff \"${PODS_PODFILE_DIR_PATH}/Podfile.lock\" \"${PODS_ROOT}/Manifest.lock\" > /dev/null\nif [ $? != 0 ] ; then\n    # print error to STDERR\n    echo \"error: The sandbox is not in sync with the Podfile.lock. Run 'pod install' or update your CocoaPods installation.\" >&2\n    exit 1\nfi\n# This output is used by Xcode 'outputs' to avoid re-running this script phase.\necho \"SUCCESS\" > \"${SCRIPT_OUTPUT_FILE_0}\"\n";
			showEnvVarsInLog = 0;
		};
		B9B62796256280A7006B0F00 /* ShellScript */ = {
			isa = PBXShellScriptBuildPhase;
			buildActionMask = 2147483647;
			files = (
			);
			inputFileListPaths = (
			);
			inputPaths = (
			);
			outputFileListPaths = (
			);
			outputPaths = (
			);
			runOnlyForDeploymentPostprocessing = 0;
			shellPath = /bin/sh;
			shellScript = "\"${PODS_ROOT}/SwiftLint/swiftlint\"\n";
		};
/* End PBXShellScriptBuildPhase section */

/* Begin PBXSourcesBuildPhase section */
		B994C69425627DBD000E563C /* Sources */ = {
			isa = PBXSourcesBuildPhase;
			buildActionMask = 2147483647;
			files = (
				DEF5EFEE25727E47006666DC /* Song.swift in Sources */,
				B9B4D1FF256E5CC300EC2FE2 /* HomeSummaryItemView.swift in Sources */,
				B9B4D1F9256E5C8A00EC2FE2 /* Color+vibePink.swift in Sources */,
				B9B4D1FA256E5C8A00EC2FE2 /* HomeSummarySectionView.swift in Sources */,
				DE7516A025776F990054AFC6 /* DBRepository.swift in Sources */,
				B9F0BDD4256EE031004A2852 /* ImageItemView.swift in Sources */,
				B9B4D1F6256E5C7D00EC2FE2 /* HomeHeaderView.swift in Sources */,
				DE35E2F7256D56BF00F369BE /* HomeNewAlbumSectionView.swift in Sources */,
				DE09044F256D0B33002914B5 /* HomeMagazineItem.swift in Sources */,
				DE8F52E0256D82AC00A7735F /* HomeVibeRecommendSectionView.swift in Sources */,
				DE09042F256CCE11002914B5 /* HomeMagazineSectionView.swift in Sources */,
				B97A5067256E7343003F7DF5 /* CGFloat+defaultValues.swift in Sources */,
				B9F0BDD0256EDE41004A2852 /* CGFloat+oneItemImageWidth.swift in Sources */,
				DE3D6F8925640FE800C236EF /* HomeFooterView.swift in Sources */,
				B994C6A825627DBE000E563C /* MiniVIBE.xcdatamodeld in Sources */,
				DE35E2ED256D569500F369BE /* HomeNewAlbumItem.swift in Sources */,
				B9B4D1EB256E5BB600EC2FE2 /* MoreHeaderView.swift in Sources */,
				DE8F52DA256D829500A7735F /* HomeVibeRecommendItem.swift in Sources */,
				DE09044B256D0A5D002914B5 /* HomeMagazineItemView.swift in Sources */,
				DE8F52E4256D82C500A7735F /* HomeVibeRecommendItemView.swift in Sources */,
				DE090443256D098A002914B5 /* HomeNowItemView.swift in Sources */,
				B9DB8A20256D08F500D3F1A2 /* ArtistSection.swift in Sources */,
				B9A156F9256E303A00FFDA20 /* HomeDJStationSectionView.swift in Sources */,
				DEF5EFE925723A01006666DC /* NowPlayingBarView.swift in Sources */,
				DE3EF6D2257361EC00A25B71 /* MusicPlayerView.swift in Sources */,
				B931018E256D7CC900DD5ADA /* View+vibeTitle2.swift in Sources */,
				B9A156FF256E307900FFDA20 /* HomeDJStationItemView.swift in Sources */,
				B93101B2256D848500DD5ADA /* View+vibeTitle3.swift in Sources */,
				B93101A8256D823700DD5ADA /* View+vibeMainText.swift in Sources */,
				B994C6A525627DBE000E563C /* Persistence.swift in Sources */,
				B931017C256D741200DD5ADA /* HomePlayListItemView.swift in Sources */,
				B9310176256D73D200DD5ADA /* HomePlayListSectionView.swift in Sources */,
				B9F0BDAC256ED2B7004A2852 /* SectionScrollView.swift in Sources */,
				B994C69E25627DBD000E563C /* ContentView.swift in Sources */,
				B9A15703256E308900FFDA20 /* HomeDJStationItem.swift in Sources */,
				DEF5EFF225727E58006666DC /* MusicPlayer.swift in Sources */,
				B9D18FDF256CD7B000ECEFEC /* HomeSummaryItem.swift in Sources */,
				DEC076DA2563AEBE004862AA /* HomeView.swift in Sources */,
				B994C69C25627DBD000E563C /* MiniVIBEApp.swift in Sources */,
				DE35E2F3256D56AE00F369BE /* HomeNewAlbumItemView.swift in Sources */,
				DE3D6F95256414EA00C236EF /* HomeNowSectionView.swift in Sources */,
				DE090447256D09CC002914B5 /* HomeNowReplayItem.swift in Sources */,
				B931019E256D800000DD5ADA /* View+vibeTitle1.swift in Sources */,
				DEF5EFFB25728C00006666DC /* HomeVibeRecommendDetailView.swift in Sources */,
				B9F0BDCA256EDDB3004A2852 /* CGFloat+twoItemImageWidth.swift in Sources */,
				B9310180256D741D00DD5ADA /* HomePlayListItem.swift in Sources */,
				DEB6A6ED2572C89F00C97A0C /* DetailHeaderView.swift in Sources */,
			);
			runOnlyForDeploymentPostprocessing = 0;
		};
		B9B6279B256281BE006B0F00 /* Sources */ = {
			isa = PBXSourcesBuildPhase;
			buildActionMask = 2147483647;
			files = (
				B9B627A2256281BE006B0F00 /* MiniVIBETests.swift in Sources */,
			);
			runOnlyForDeploymentPostprocessing = 0;
		};
/* End PBXSourcesBuildPhase section */

/* Begin PBXTargetDependency section */
		B9B627A5256281BE006B0F00 /* PBXTargetDependency */ = {
			isa = PBXTargetDependency;
			target = B994C69725627DBD000E563C /* MiniVIBE */;
			targetProxy = B9B627A4256281BE006B0F00 /* PBXContainerItemProxy */;
		};
/* End PBXTargetDependency section */

/* Begin XCBuildConfiguration section */
		B994C6AA25627DBE000E563C /* Debug */ = {
			isa = XCBuildConfiguration;
			buildSettings = {
				ALWAYS_SEARCH_USER_PATHS = NO;
				CLANG_ANALYZER_NONNULL = YES;
				CLANG_ANALYZER_NUMBER_OBJECT_CONVERSION = YES_AGGRESSIVE;
				CLANG_CXX_LANGUAGE_STANDARD = "gnu++14";
				CLANG_CXX_LIBRARY = "libc++";
				CLANG_ENABLE_MODULES = YES;
				CLANG_ENABLE_OBJC_ARC = YES;
				CLANG_ENABLE_OBJC_WEAK = YES;
				CLANG_WARN_BLOCK_CAPTURE_AUTORELEASING = YES;
				CLANG_WARN_BOOL_CONVERSION = YES;
				CLANG_WARN_COMMA = YES;
				CLANG_WARN_CONSTANT_CONVERSION = YES;
				CLANG_WARN_DEPRECATED_OBJC_IMPLEMENTATIONS = YES;
				CLANG_WARN_DIRECT_OBJC_ISA_USAGE = YES_ERROR;
				CLANG_WARN_DOCUMENTATION_COMMENTS = YES;
				CLANG_WARN_EMPTY_BODY = YES;
				CLANG_WARN_ENUM_CONVERSION = YES;
				CLANG_WARN_INFINITE_RECURSION = YES;
				CLANG_WARN_INT_CONVERSION = YES;
				CLANG_WARN_NON_LITERAL_NULL_CONVERSION = YES;
				CLANG_WARN_OBJC_IMPLICIT_RETAIN_SELF = YES;
				CLANG_WARN_OBJC_LITERAL_CONVERSION = YES;
				CLANG_WARN_OBJC_ROOT_CLASS = YES_ERROR;
				CLANG_WARN_QUOTED_INCLUDE_IN_FRAMEWORK_HEADER = YES;
				CLANG_WARN_RANGE_LOOP_ANALYSIS = YES;
				CLANG_WARN_STRICT_PROTOTYPES = YES;
				CLANG_WARN_SUSPICIOUS_MOVE = YES;
				CLANG_WARN_UNGUARDED_AVAILABILITY = YES_AGGRESSIVE;
				CLANG_WARN_UNREACHABLE_CODE = YES;
				CLANG_WARN__DUPLICATE_METHOD_MATCH = YES;
				COPY_PHASE_STRIP = NO;
				DEBUG_INFORMATION_FORMAT = dwarf;
				ENABLE_STRICT_OBJC_MSGSEND = YES;
				ENABLE_TESTABILITY = YES;
				GCC_C_LANGUAGE_STANDARD = gnu11;
				GCC_DYNAMIC_NO_PIC = NO;
				GCC_NO_COMMON_BLOCKS = YES;
				GCC_OPTIMIZATION_LEVEL = 0;
				GCC_PREPROCESSOR_DEFINITIONS = (
					"DEBUG=1",
					"$(inherited)",
				);
				GCC_WARN_64_TO_32_BIT_CONVERSION = YES;
				GCC_WARN_ABOUT_RETURN_TYPE = YES_ERROR;
				GCC_WARN_UNDECLARED_SELECTOR = YES;
				GCC_WARN_UNINITIALIZED_AUTOS = YES_AGGRESSIVE;
				GCC_WARN_UNUSED_FUNCTION = YES;
				GCC_WARN_UNUSED_VARIABLE = YES;
				IPHONEOS_DEPLOYMENT_TARGET = 14.0;
				MTL_ENABLE_DEBUG_INFO = INCLUDE_SOURCE;
				MTL_FAST_MATH = YES;
				ONLY_ACTIVE_ARCH = YES;
				SDKROOT = iphoneos;
				SWIFT_ACTIVE_COMPILATION_CONDITIONS = DEBUG;
				SWIFT_OPTIMIZATION_LEVEL = "-Onone";
				TARGETED_DEVICE_FAMILY = 1;
			};
			name = Debug;
		};
		B994C6AB25627DBE000E563C /* Release */ = {
			isa = XCBuildConfiguration;
			buildSettings = {
				ALWAYS_SEARCH_USER_PATHS = NO;
				CLANG_ANALYZER_NONNULL = YES;
				CLANG_ANALYZER_NUMBER_OBJECT_CONVERSION = YES_AGGRESSIVE;
				CLANG_CXX_LANGUAGE_STANDARD = "gnu++14";
				CLANG_CXX_LIBRARY = "libc++";
				CLANG_ENABLE_MODULES = YES;
				CLANG_ENABLE_OBJC_ARC = YES;
				CLANG_ENABLE_OBJC_WEAK = YES;
				CLANG_WARN_BLOCK_CAPTURE_AUTORELEASING = YES;
				CLANG_WARN_BOOL_CONVERSION = YES;
				CLANG_WARN_COMMA = YES;
				CLANG_WARN_CONSTANT_CONVERSION = YES;
				CLANG_WARN_DEPRECATED_OBJC_IMPLEMENTATIONS = YES;
				CLANG_WARN_DIRECT_OBJC_ISA_USAGE = YES_ERROR;
				CLANG_WARN_DOCUMENTATION_COMMENTS = YES;
				CLANG_WARN_EMPTY_BODY = YES;
				CLANG_WARN_ENUM_CONVERSION = YES;
				CLANG_WARN_INFINITE_RECURSION = YES;
				CLANG_WARN_INT_CONVERSION = YES;
				CLANG_WARN_NON_LITERAL_NULL_CONVERSION = YES;
				CLANG_WARN_OBJC_IMPLICIT_RETAIN_SELF = YES;
				CLANG_WARN_OBJC_LITERAL_CONVERSION = YES;
				CLANG_WARN_OBJC_ROOT_CLASS = YES_ERROR;
				CLANG_WARN_QUOTED_INCLUDE_IN_FRAMEWORK_HEADER = YES;
				CLANG_WARN_RANGE_LOOP_ANALYSIS = YES;
				CLANG_WARN_STRICT_PROTOTYPES = YES;
				CLANG_WARN_SUSPICIOUS_MOVE = YES;
				CLANG_WARN_UNGUARDED_AVAILABILITY = YES_AGGRESSIVE;
				CLANG_WARN_UNREACHABLE_CODE = YES;
				CLANG_WARN__DUPLICATE_METHOD_MATCH = YES;
				COPY_PHASE_STRIP = NO;
				DEBUG_INFORMATION_FORMAT = "dwarf-with-dsym";
				ENABLE_NS_ASSERTIONS = NO;
				ENABLE_STRICT_OBJC_MSGSEND = YES;
				GCC_C_LANGUAGE_STANDARD = gnu11;
				GCC_NO_COMMON_BLOCKS = YES;
				GCC_WARN_64_TO_32_BIT_CONVERSION = YES;
				GCC_WARN_ABOUT_RETURN_TYPE = YES_ERROR;
				GCC_WARN_UNDECLARED_SELECTOR = YES;
				GCC_WARN_UNINITIALIZED_AUTOS = YES_AGGRESSIVE;
				GCC_WARN_UNUSED_FUNCTION = YES;
				GCC_WARN_UNUSED_VARIABLE = YES;
				IPHONEOS_DEPLOYMENT_TARGET = 14.0;
				MTL_ENABLE_DEBUG_INFO = NO;
				MTL_FAST_MATH = YES;
				SDKROOT = iphoneos;
				SWIFT_COMPILATION_MODE = wholemodule;
				SWIFT_OPTIMIZATION_LEVEL = "-O";
				TARGETED_DEVICE_FAMILY = 1;
				VALIDATE_PRODUCT = YES;
			};
			name = Release;
		};
		B994C6AD25627DBE000E563C /* Debug */ = {
			isa = XCBuildConfiguration;
			baseConfigurationReference = B251DDD6E742687B7610BEE2 /* Pods-MiniVIBE.debug.xcconfig */;
			buildSettings = {
				ASSETCATALOG_COMPILER_APPICON_NAME = AppIcon;
				ASSETCATALOG_COMPILER_GLOBAL_ACCENT_COLOR_NAME = AccentColor;
				CODE_SIGN_STYLE = Automatic;
				DEVELOPMENT_ASSET_PATHS = "\"MiniVIBE/Preview Content\"";
				DEVELOPMENT_TEAM = B3PWYBKFUK;
				ENABLE_PREVIEWS = YES;
				INFOPLIST_FILE = MiniVIBE/Info.plist;
				IPHONEOS_DEPLOYMENT_TARGET = 14.0;
				LD_RUNPATH_SEARCH_PATHS = (
					"$(inherited)",
					"@executable_path/Frameworks",
				);
				PRODUCT_BUNDLE_IDENTIFIER = kr.dochoi.MiniVIBE;
				PRODUCT_NAME = "$(TARGET_NAME)";
				SWIFT_VERSION = 5.0;
				TARGETED_DEVICE_FAMILY = "1,2";
			};
			name = Debug;
		};
		B994C6AE25627DBE000E563C /* Release */ = {
			isa = XCBuildConfiguration;
			baseConfigurationReference = D79633046F581A9010E0BE59 /* Pods-MiniVIBE.release.xcconfig */;
			buildSettings = {
				ASSETCATALOG_COMPILER_APPICON_NAME = AppIcon;
				ASSETCATALOG_COMPILER_GLOBAL_ACCENT_COLOR_NAME = AccentColor;
				CODE_SIGN_STYLE = Automatic;
				DEVELOPMENT_ASSET_PATHS = "\"MiniVIBE/Preview Content\"";
				DEVELOPMENT_TEAM = B3PWYBKFUK;
				ENABLE_PREVIEWS = YES;
				INFOPLIST_FILE = MiniVIBE/Info.plist;
				IPHONEOS_DEPLOYMENT_TARGET = 14.0;
				LD_RUNPATH_SEARCH_PATHS = (
					"$(inherited)",
					"@executable_path/Frameworks",
				);
				PRODUCT_BUNDLE_IDENTIFIER = kr.dochoi.MiniVIBE;
				PRODUCT_NAME = "$(TARGET_NAME)";
				SWIFT_VERSION = 5.0;
				TARGETED_DEVICE_FAMILY = "1,2";
			};
			name = Release;
		};
		B9B627A7256281BE006B0F00 /* Debug */ = {
			isa = XCBuildConfiguration;
			buildSettings = {
				BUNDLE_LOADER = "$(TEST_HOST)";
				CODE_SIGN_STYLE = Automatic;
				DEVELOPMENT_TEAM = B3PWYBKFUK;
				INFOPLIST_FILE = MiniVIBETests/Info.plist;
				IPHONEOS_DEPLOYMENT_TARGET = 14.0;
				LD_RUNPATH_SEARCH_PATHS = (
					"$(inherited)",
					"@executable_path/Frameworks",
					"@loader_path/Frameworks",
				);
				PRODUCT_BUNDLE_IDENTIFIER = kr.dochoi.MiniVIBETests;
				PRODUCT_NAME = "$(TARGET_NAME)";
				SWIFT_VERSION = 5.0;
				TARGETED_DEVICE_FAMILY = "1,2";
				TEST_HOST = "$(BUILT_PRODUCTS_DIR)/MiniVIBE.app/MiniVIBE";
			};
			name = Debug;
		};
		B9B627A8256281BE006B0F00 /* Release */ = {
			isa = XCBuildConfiguration;
			buildSettings = {
				BUNDLE_LOADER = "$(TEST_HOST)";
				CODE_SIGN_STYLE = Automatic;
				DEVELOPMENT_TEAM = B3PWYBKFUK;
				INFOPLIST_FILE = MiniVIBETests/Info.plist;
				IPHONEOS_DEPLOYMENT_TARGET = 14.0;
				LD_RUNPATH_SEARCH_PATHS = (
					"$(inherited)",
					"@executable_path/Frameworks",
					"@loader_path/Frameworks",
				);
				PRODUCT_BUNDLE_IDENTIFIER = kr.dochoi.MiniVIBETests;
				PRODUCT_NAME = "$(TARGET_NAME)";
				SWIFT_VERSION = 5.0;
				TARGETED_DEVICE_FAMILY = "1,2";
				TEST_HOST = "$(BUILT_PRODUCTS_DIR)/MiniVIBE.app/MiniVIBE";
			};
			name = Release;
		};
/* End XCBuildConfiguration section */

/* Begin XCConfigurationList section */
		B994C69325627DBD000E563C /* Build configuration list for PBXProject "MiniVIBE" */ = {
			isa = XCConfigurationList;
			buildConfigurations = (
				B994C6AA25627DBE000E563C /* Debug */,
				B994C6AB25627DBE000E563C /* Release */,
			);
			defaultConfigurationIsVisible = 0;
			defaultConfigurationName = Release;
		};
		B994C6AC25627DBE000E563C /* Build configuration list for PBXNativeTarget "MiniVIBE" */ = {
			isa = XCConfigurationList;
			buildConfigurations = (
				B994C6AD25627DBE000E563C /* Debug */,
				B994C6AE25627DBE000E563C /* Release */,
			);
			defaultConfigurationIsVisible = 0;
			defaultConfigurationName = Release;
		};
		B9B627A6256281BE006B0F00 /* Build configuration list for PBXNativeTarget "MiniVIBETests" */ = {
			isa = XCConfigurationList;
			buildConfigurations = (
				B9B627A7256281BE006B0F00 /* Debug */,
				B9B627A8256281BE006B0F00 /* Release */,
			);
			defaultConfigurationIsVisible = 0;
			defaultConfigurationName = Release;
		};
/* End XCConfigurationList section */

/* Begin XCVersionGroup section */
		B994C6A625627DBE000E563C /* MiniVIBE.xcdatamodeld */ = {
			isa = XCVersionGroup;
			children = (
				B994C6A725627DBE000E563C /* MiniVIBE.xcdatamodel */,
			);
			currentVersion = B994C6A725627DBE000E563C /* MiniVIBE.xcdatamodel */;
			path = MiniVIBE.xcdatamodeld;
			sourceTree = "<group>";
			versionGroupType = wrapper.xcdatamodel;
		};
/* End XCVersionGroup section */
	};
	rootObject = B994C69025627DBD000E563C /* Project object */;
}
