// !$*UTF8*$!
{
	archiveVersion = 1;
	classes = {
	};
	objectVersion = 50;
	objects = {

/* Begin PBXBuildFile section */
		AD62AD7689CD423579B7C6A4 /* libPods-MiniVIBE.a in Frameworks */ = {isa = PBXBuildFile; fileRef = 71F736C7CF8B7E1A46282594 /* libPods-MiniVIBE.a */; };
		B9129283257812C9002F516F /* MusicVideoTop50SectionView.swift in Sources */ = {isa = PBXBuildFile; fileRef = B9129282257812C9002F516F /* MusicVideoTop50SectionView.swift */; };
		B912A15F257815CD00223C0B /* VideoView.swift in Sources */ = {isa = PBXBuildFile; fileRef = B912A15E257815CD00223C0B /* VideoView.swift */; };
		B912A1652578161500223C0B /* VideoHeaderView.swift in Sources */ = {isa = PBXBuildFile; fileRef = B912A1642578161500223C0B /* VideoHeaderView.swift */; };
		B923A7EC2577A80400E5C48D /* HomeDJStationDetailView.swift in Sources */ = {isa = PBXBuildFile; fileRef = B923A7EB2577A80400E5C48D /* HomeDJStationDetailView.swift */; };
		B9258E172578E49200D4487C /* EventService.swift in Sources */ = {isa = PBXBuildFile; fileRef = B9258E162578E49200D4487C /* EventService.swift */; };
		B931018E256D7CC900DD5ADA /* View+vibeTitle2.swift in Sources */ = {isa = PBXBuildFile; fileRef = B931018D256D7CC900DD5ADA /* View+vibeTitle2.swift */; };
		B931019E256D800000DD5ADA /* View+vibeTitle1.swift in Sources */ = {isa = PBXBuildFile; fileRef = B931019D256D800000DD5ADA /* View+vibeTitle1.swift */; };
		B93101A8256D823700DD5ADA /* View+vibeMainText.swift in Sources */ = {isa = PBXBuildFile; fileRef = B93101A7256D823700DD5ADA /* View+vibeMainText.swift */; };
		B93101B2256D848500DD5ADA /* View+vibeTitle3.swift in Sources */ = {isa = PBXBuildFile; fileRef = B93101B1256D848500DD5ADA /* View+vibeTitle3.swift */; };
		B962B09D2578169B00111978 /* Video.swift in Sources */ = {isa = PBXBuildFile; fileRef = B962B09C2578169B00111978 /* Video.swift */; };
		B96F49F725768B7200C5AF5F /* MockRequest.swift in Sources */ = {isa = PBXBuildFile; fileRef = B96F49F625768B7200C5AF5F /* MockRequest.swift */; };
		B96F49FB25768CB800C5AF5F /* NetworkError+Equatable.swift in Sources */ = {isa = PBXBuildFile; fileRef = B96F49FA25768CB800C5AF5F /* NetworkError+Equatable.swift */; };
		B971C46D257AAAF700C57CE9 /* FiveRowSongGridMoreView.swift in Sources */ = {isa = PBXBuildFile; fileRef = B971C46C257AAAF700C57CE9 /* FiveRowSongGridMoreView.swift */; };
		B971C475257ABDE300C57CE9 /* PlayShuffleHeaderButton.swift in Sources */ = {isa = PBXBuildFile; fileRef = B971C474257ABDE300C57CE9 /* PlayShuffleHeaderButton.swift */; };
		B97968232578DD8900D57161 /* Network.swift in Sources */ = {isa = PBXBuildFile; fileRef = B97968222578DD8900D57161 /* Network.swift */; };
		B97968282578DDDF00D57161 /* DependencyInjector.swift in Sources */ = {isa = PBXBuildFile; fileRef = B97968272578DDDF00D57161 /* DependencyInjector.swift */; };
		B97A5067256E7343003F7DF5 /* CGFloat+defaultValues.swift in Sources */ = {isa = PBXBuildFile; fileRef = B97A5066256E7343003F7DF5 /* CGFloat+defaultValues.swift */; };
		B988596C257684510037D19B /* MiniVIBETests.swift in Sources */ = {isa = PBXBuildFile; fileRef = B988596B257684510037D19B /* MiniVIBETests.swift */; };
		B994C69C25627DBD000E563C /* MiniVIBEApp.swift in Sources */ = {isa = PBXBuildFile; fileRef = B994C69B25627DBD000E563C /* MiniVIBEApp.swift */; };
		B994C69E25627DBD000E563C /* ContentView.swift in Sources */ = {isa = PBXBuildFile; fileRef = B994C69D25627DBD000E563C /* ContentView.swift */; };
		B994C6A325627DBE000E563C /* Preview Assets.xcassets in Resources */ = {isa = PBXBuildFile; fileRef = B994C6A225627DBE000E563C /* Preview Assets.xcassets */; };
		B994C6A525627DBE000E563C /* Persistence.swift in Sources */ = {isa = PBXBuildFile; fileRef = B994C6A425627DBE000E563C /* Persistence.swift */; };
		B994C6A825627DBE000E563C /* MiniVIBE.xcdatamodeld in Sources */ = {isa = PBXBuildFile; fileRef = B994C6A625627DBE000E563C /* MiniVIBE.xcdatamodeld */; };
		B9A156F9256E303A00FFDA20 /* HomeDJStationSectionView.swift in Sources */ = {isa = PBXBuildFile; fileRef = B9A156F8256E303A00FFDA20 /* HomeDJStationSectionView.swift */; };
		B9A156FF256E307900FFDA20 /* HomeDJStationItemView.swift in Sources */ = {isa = PBXBuildFile; fileRef = B9A156FE256E307900FFDA20 /* HomeDJStationItemView.swift */; };
		B9A15703256E308900FFDA20 /* HomeDJStationItem.swift in Sources */ = {isa = PBXBuildFile; fileRef = B9A15702256E308900FFDA20 /* HomeDJStationItem.swift */; };
		B9B4D1EB256E5BB600EC2FE2 /* MoreHeaderView.swift in Sources */ = {isa = PBXBuildFile; fileRef = B9B4D1EA256E5BB600EC2FE2 /* MoreHeaderView.swift */; };
		B9B4D1F6256E5C7D00EC2FE2 /* HomeHeaderView.swift in Sources */ = {isa = PBXBuildFile; fileRef = B95964E0256CEF520041B135 /* HomeHeaderView.swift */; };
		B9B4D1F9256E5C8A00EC2FE2 /* Color+vibePink.swift in Sources */ = {isa = PBXBuildFile; fileRef = B9DB8A19256CFE6900D3F1A2 /* Color+vibePink.swift */; };
		B9B4D1FA256E5C8A00EC2FE2 /* HomeSummarySectionView.swift in Sources */ = {isa = PBXBuildFile; fileRef = B93ED12E256BBC7D0033C43B /* HomeSummarySectionView.swift */; };
		B9B4D1FF256E5CC300EC2FE2 /* HomeSummaryItemView.swift in Sources */ = {isa = PBXBuildFile; fileRef = B95964D4256CDF9D0041B135 /* HomeSummaryItemView.swift */; };
		B9B6279925628130006B0F00 /* .swiftlint.yml in Resources */ = {isa = PBXBuildFile; fileRef = B9B6279825628130006B0F00 /* .swiftlint.yml */; };
		B9C628CB257BF3DA000BCE80 /* PlaylistDetailView.swift in Sources */ = {isa = PBXBuildFile; fileRef = B9C628CA257BF3DA000BCE80 /* PlaylistDetailView.swift */; };
		B9C628E1257C06F9000BCE80 /* MockItemFactory.swift in Sources */ = {isa = PBXBuildFile; fileRef = B9C628E0257C06F9000BCE80 /* MockItemFactory.swift */; };
		B9C628E8257C0AEC000BCE80 /* SearchView.swift in Sources */ = {isa = PBXBuildFile; fileRef = B9C628E7257C0AEC000BCE80 /* SearchView.swift */; };
		B9C628EC257C1C35000BCE80 /* NewsItemView.swift in Sources */ = {isa = PBXBuildFile; fileRef = B9C628EB257C1C35000BCE80 /* NewsItemView.swift */; };
		B9C628FC257C2B4D000BCE80 /* GenreSectionView.swift in Sources */ = {isa = PBXBuildFile; fileRef = B9C628FB257C2B4D000BCE80 /* GenreSectionView.swift */; };
		B9C911622578E02400057E6F /* ServerRepository.swift in Sources */ = {isa = PBXBuildFile; fileRef = B9C911612578E02400057E6F /* ServerRepository.swift */; };
		B9D18FDF256CD7B000ECEFEC /* HomeSummaryItem.swift in Sources */ = {isa = PBXBuildFile; fileRef = B9D18FDE256CD7B000ECEFEC /* HomeSummaryItem.swift */; };
		B9D793B12577E9C500B40D0E /* ChartView.swift in Sources */ = {isa = PBXBuildFile; fileRef = B9D793B02577E9C500B40D0E /* ChartView.swift */; };
		B9D793BB2577FDBC00B40D0E /* FiveRowSongGridView.swift in Sources */ = {isa = PBXBuildFile; fileRef = B9D793BA2577FDBC00B40D0E /* FiveRowSongGridView.swift */; };
		B9D793FB25780E3300B40D0E /* Album.swift in Sources */ = {isa = PBXBuildFile; fileRef = B9D793FA25780E3300B40D0E /* Album.swift */; };
		B9DB8A20256D08F500D3F1A2 /* ArtistSection.swift in Sources */ = {isa = PBXBuildFile; fileRef = B9DB8A1F256D08F500D3F1A2 /* ArtistSection.swift */; };
		B9F0BDAC256ED2B7004A2852 /* SectionScrollView.swift in Sources */ = {isa = PBXBuildFile; fileRef = B9F0BDAB256ED2B7004A2852 /* SectionScrollView.swift */; };
		B9F0BDCA256EDDB3004A2852 /* CGFloat+twoItemImageWidth.swift in Sources */ = {isa = PBXBuildFile; fileRef = B9F0BDC9256EDDB3004A2852 /* CGFloat+twoItemImageWidth.swift */; };
		B9F0BDD0256EDE41004A2852 /* CGFloat+oneItemImageWidth.swift in Sources */ = {isa = PBXBuildFile; fileRef = B9F0BDCF256EDE41004A2852 /* CGFloat+oneItemImageWidth.swift */; };
		B9F0BDD4256EE031004A2852 /* ImageItemView.swift in Sources */ = {isa = PBXBuildFile; fileRef = B9F0BDD3256EE031004A2852 /* ImageItemView.swift */; };
		B9FEA4E6257668E10089CCD6 /* Networking.swift in Sources */ = {isa = PBXBuildFile; fileRef = B9FEA4E5257668E10089CCD6 /* Networking.swift */; };
		B9FEA4EE25767BA20089CCD6 /* RequestProviding.swift in Sources */ = {isa = PBXBuildFile; fileRef = B9FEA4ED25767BA20089CCD6 /* RequestProviding.swift */; };
		B9FF8A48257A78BB00B774CD /* FiveRowSongGridViewModel.swift in Sources */ = {isa = PBXBuildFile; fileRef = B9FF8A47257A78BB00B774CD /* FiveRowSongGridViewModel.swift */; };
		B9FF8A5A257A830E00B774CD /* AlbumSectionView.swift in Sources */ = {isa = PBXBuildFile; fileRef = B9FF8A59257A830E00B774CD /* AlbumSectionView.swift */; };
		B9FF8A5E257A832800B774CD /* AlbumSectionViewModel.swift in Sources */ = {isa = PBXBuildFile; fileRef = B9FF8A5D257A832800B774CD /* AlbumSectionViewModel.swift */; };
		B9FF8A62257A846100B774CD /* RankChangeView.swift in Sources */ = {isa = PBXBuildFile; fileRef = B9FF8A61257A846100B774CD /* RankChangeView.swift */; };
		B9FF8A6E257A951100B774CD /* Playlist.swift in Sources */ = {isa = PBXBuildFile; fileRef = B9FF8A6D257A951100B774CD /* Playlist.swift */; };
		B9FF8A76257A992400B774CD /* Magazine.swift in Sources */ = {isa = PBXBuildFile; fileRef = B9FF8A75257A992400B774CD /* Magazine.swift */; };
		B9FF8A80257A9DDF00B774CD /* PlaylistSectionView.swift in Sources */ = {isa = PBXBuildFile; fileRef = B9FF8A7F257A9DDF00B774CD /* PlaylistSectionView.swift */; };
		B9FF8A84257A9E1200B774CD /* PlaylistSectionViewModel.swift in Sources */ = {isa = PBXBuildFile; fileRef = B9FF8A83257A9E1200B774CD /* PlaylistSectionViewModel.swift */; };
		B9FF8A90257AA3FC00B774CD /* PlaylistMoreView.swift in Sources */ = {isa = PBXBuildFile; fileRef = B9FF8A8F257AA3FC00B774CD /* PlaylistMoreView.swift */; };
		DE09042F256CCE11002914B5 /* HomeMagazineSectionView.swift in Sources */ = {isa = PBXBuildFile; fileRef = DE09042E256CCE11002914B5 /* HomeMagazineSectionView.swift */; };
		DE090443256D098A002914B5 /* HomeNowItemView.swift in Sources */ = {isa = PBXBuildFile; fileRef = DE090442256D098A002914B5 /* HomeNowItemView.swift */; };
		DE090447256D09CC002914B5 /* HomeNowReplayItem.swift in Sources */ = {isa = PBXBuildFile; fileRef = DE090446256D09CC002914B5 /* HomeNowReplayItem.swift */; };
		DE09044B256D0A5D002914B5 /* HomeMagazineItemView.swift in Sources */ = {isa = PBXBuildFile; fileRef = DE09044A256D0A5D002914B5 /* HomeMagazineItemView.swift */; };
		DE18EE8B257B9D34009E4E11 /* View+emitEvent.swift in Sources */ = {isa = PBXBuildFile; fileRef = DE18EE8A257B9D34009E4E11 /* View+emitEvent.swift */; };
		DE18EE97257BF59A009E4E11 /* Event.swift in Sources */ = {isa = PBXBuildFile; fileRef = DE18EE96257BF59A009E4E11 /* Event.swift */; };
		DE18EE9C257BF5FB009E4E11 /* CDEvent+CoreDataProperties.swift in Sources */ = {isa = PBXBuildFile; fileRef = DE18EE9A257BF5FB009E4E11 /* CDEvent+CoreDataProperties.swift */; };
		DE18EE9D257BF5FB009E4E11 /* CDEvent+CoreDataClass.swift in Sources */ = {isa = PBXBuildFile; fileRef = DE18EE9B257BF5FB009E4E11 /* CDEvent+CoreDataClass.swift */; };
		DE18EEA1257BFA13009E4E11 /* Reachability.swift in Sources */ = {isa = PBXBuildFile; fileRef = DE18EEA0257BFA13009E4E11 /* Reachability.swift */; };
		DE3D6F8925640FE800C236EF /* HomeFooterView.swift in Sources */ = {isa = PBXBuildFile; fileRef = DE3D6F8825640FE800C236EF /* HomeFooterView.swift */; };
		DE3D6F95256414EA00C236EF /* HomeNowSectionView.swift in Sources */ = {isa = PBXBuildFile; fileRef = DE3D6F94256414EA00C236EF /* HomeNowSectionView.swift */; };
		DE3EF6D2257361EC00A25B71 /* MusicPlayerView.swift in Sources */ = {isa = PBXBuildFile; fileRef = DE3EF6D1257361EC00A25B71 /* MusicPlayerView.swift */; };
		DE7516A025776F990054AFC6 /* LocalRepository.swift in Sources */ = {isa = PBXBuildFile; fileRef = DE75169F25776F990054AFC6 /* LocalRepository.swift */; };
		DEB6A6ED2572C89F00C97A0C /* DetailHeaderView.swift in Sources */ = {isa = PBXBuildFile; fileRef = DEB6A6EC2572C89E00C97A0C /* DetailHeaderView.swift */; };
		DEC076DA2563AEBE004862AA /* HomeView.swift in Sources */ = {isa = PBXBuildFile; fileRef = DEC076D92563AEBE004862AA /* HomeView.swift */; };
		DEF5EFE925723A01006666DC /* NowPlayingBarView.swift in Sources */ = {isa = PBXBuildFile; fileRef = DEF5EFE825723A01006666DC /* NowPlayingBarView.swift */; };
		DEF5EFEE25727E47006666DC /* Song.swift in Sources */ = {isa = PBXBuildFile; fileRef = DEF5EFED25727E47006666DC /* Song.swift */; };
		DEF5EFF225727E58006666DC /* MusicPlayer.swift in Sources */ = {isa = PBXBuildFile; fileRef = DEF5EFF125727E58006666DC /* MusicPlayer.swift */; };
		DEF8AEF62563C81200CE2A2F /* Assets.xcassets in Resources */ = {isa = PBXBuildFile; fileRef = DEF8AEF52563C81200CE2A2F /* Assets.xcassets */; };
/* End PBXBuildFile section */

/* Begin PBXContainerItemProxy section */
		B988596E257684510037D19B /* PBXContainerItemProxy */ = {
			isa = PBXContainerItemProxy;
			containerPortal = B994C69025627DBD000E563C /* Project object */;
			proxyType = 1;
			remoteGlobalIDString = B994C69725627DBD000E563C;
			remoteInfo = MiniVIBE;
		};
/* End PBXContainerItemProxy section */

/* Begin PBXFileReference section */
		71F736C7CF8B7E1A46282594 /* libPods-MiniVIBE.a */ = {isa = PBXFileReference; explicitFileType = archive.ar; includeInIndex = 0; path = "libPods-MiniVIBE.a"; sourceTree = BUILT_PRODUCTS_DIR; };
		B251DDD6E742687B7610BEE2 /* Pods-MiniVIBE.debug.xcconfig */ = {isa = PBXFileReference; includeInIndex = 1; lastKnownFileType = text.xcconfig; name = "Pods-MiniVIBE.debug.xcconfig"; path = "Target Support Files/Pods-MiniVIBE/Pods-MiniVIBE.debug.xcconfig"; sourceTree = "<group>"; };
		B9129282257812C9002F516F /* MusicVideoTop50SectionView.swift */ = {isa = PBXFileReference; fileEncoding = 4; lastKnownFileType = sourcecode.swift; path = MusicVideoTop50SectionView.swift; sourceTree = "<group>"; };
		B912A15E257815CD00223C0B /* VideoView.swift */ = {isa = PBXFileReference; fileEncoding = 4; lastKnownFileType = sourcecode.swift; path = VideoView.swift; sourceTree = "<group>"; };
		B912A1642578161500223C0B /* VideoHeaderView.swift */ = {isa = PBXFileReference; fileEncoding = 4; lastKnownFileType = sourcecode.swift; path = VideoHeaderView.swift; sourceTree = "<group>"; };
		B923A7EB2577A80400E5C48D /* HomeDJStationDetailView.swift */ = {isa = PBXFileReference; lastKnownFileType = sourcecode.swift; path = HomeDJStationDetailView.swift; sourceTree = "<group>"; };
		B9258E162578E49200D4487C /* EventService.swift */ = {isa = PBXFileReference; lastKnownFileType = sourcecode.swift; path = EventService.swift; sourceTree = "<group>"; };
		B931018D256D7CC900DD5ADA /* View+vibeTitle2.swift */ = {isa = PBXFileReference; lastKnownFileType = sourcecode.swift; path = "View+vibeTitle2.swift"; sourceTree = "<group>"; };
		B931019D256D800000DD5ADA /* View+vibeTitle1.swift */ = {isa = PBXFileReference; lastKnownFileType = sourcecode.swift; path = "View+vibeTitle1.swift"; sourceTree = "<group>"; };
		B93101A7256D823700DD5ADA /* View+vibeMainText.swift */ = {isa = PBXFileReference; lastKnownFileType = sourcecode.swift; path = "View+vibeMainText.swift"; sourceTree = "<group>"; };
		B93101B1256D848500DD5ADA /* View+vibeTitle3.swift */ = {isa = PBXFileReference; lastKnownFileType = sourcecode.swift; path = "View+vibeTitle3.swift"; sourceTree = "<group>"; };
		B93ED12E256BBC7D0033C43B /* HomeSummarySectionView.swift */ = {isa = PBXFileReference; lastKnownFileType = sourcecode.swift; path = HomeSummarySectionView.swift; sourceTree = "<group>"; };
		B95964D4256CDF9D0041B135 /* HomeSummaryItemView.swift */ = {isa = PBXFileReference; lastKnownFileType = sourcecode.swift; path = HomeSummaryItemView.swift; sourceTree = "<group>"; };
		B95964E0256CEF520041B135 /* HomeHeaderView.swift */ = {isa = PBXFileReference; lastKnownFileType = sourcecode.swift; path = HomeHeaderView.swift; sourceTree = "<group>"; };
		B962B09C2578169B00111978 /* Video.swift */ = {isa = PBXFileReference; lastKnownFileType = sourcecode.swift; path = Video.swift; sourceTree = "<group>"; };
		B96F49F625768B7200C5AF5F /* MockRequest.swift */ = {isa = PBXFileReference; lastKnownFileType = sourcecode.swift; path = MockRequest.swift; sourceTree = "<group>"; };
		B96F49FA25768CB800C5AF5F /* NetworkError+Equatable.swift */ = {isa = PBXFileReference; lastKnownFileType = sourcecode.swift; path = "NetworkError+Equatable.swift"; sourceTree = "<group>"; };
		B971C46C257AAAF700C57CE9 /* FiveRowSongGridMoreView.swift */ = {isa = PBXFileReference; lastKnownFileType = sourcecode.swift; path = FiveRowSongGridMoreView.swift; sourceTree = "<group>"; };
		B971C474257ABDE300C57CE9 /* PlayShuffleHeaderButton.swift */ = {isa = PBXFileReference; lastKnownFileType = sourcecode.swift; path = PlayShuffleHeaderButton.swift; sourceTree = "<group>"; };
		B97968222578DD8900D57161 /* Network.swift */ = {isa = PBXFileReference; lastKnownFileType = sourcecode.swift; path = Network.swift; sourceTree = "<group>"; };
		B97968272578DDDF00D57161 /* DependencyInjector.swift */ = {isa = PBXFileReference; lastKnownFileType = sourcecode.swift; path = DependencyInjector.swift; sourceTree = "<group>"; };
		B97A5066256E7343003F7DF5 /* CGFloat+defaultValues.swift */ = {isa = PBXFileReference; lastKnownFileType = sourcecode.swift; path = "CGFloat+defaultValues.swift"; sourceTree = "<group>"; };
		B9885969257684510037D19B /* MiniVIBETests.xctest */ = {isa = PBXFileReference; explicitFileType = wrapper.cfbundle; includeInIndex = 0; path = MiniVIBETests.xctest; sourceTree = BUILT_PRODUCTS_DIR; };
		B988596B257684510037D19B /* MiniVIBETests.swift */ = {isa = PBXFileReference; lastKnownFileType = sourcecode.swift; path = MiniVIBETests.swift; sourceTree = "<group>"; };
		B988596D257684510037D19B /* Info.plist */ = {isa = PBXFileReference; lastKnownFileType = text.plist.xml; path = Info.plist; sourceTree = "<group>"; };
		B994C69825627DBD000E563C /* MiniVIBE.app */ = {isa = PBXFileReference; explicitFileType = wrapper.application; includeInIndex = 0; path = MiniVIBE.app; sourceTree = BUILT_PRODUCTS_DIR; };
		B994C69B25627DBD000E563C /* MiniVIBEApp.swift */ = {isa = PBXFileReference; lastKnownFileType = sourcecode.swift; path = MiniVIBEApp.swift; sourceTree = "<group>"; };
		B994C69D25627DBD000E563C /* ContentView.swift */ = {isa = PBXFileReference; lastKnownFileType = sourcecode.swift; path = ContentView.swift; sourceTree = "<group>"; };
		B994C6A225627DBE000E563C /* Preview Assets.xcassets */ = {isa = PBXFileReference; lastKnownFileType = folder.assetcatalog; path = "Preview Assets.xcassets"; sourceTree = "<group>"; };
		B994C6A425627DBE000E563C /* Persistence.swift */ = {isa = PBXFileReference; lastKnownFileType = sourcecode.swift; path = Persistence.swift; sourceTree = "<group>"; };
		B994C6A725627DBE000E563C /* MiniVIBE.xcdatamodel */ = {isa = PBXFileReference; lastKnownFileType = wrapper.xcdatamodel; path = MiniVIBE.xcdatamodel; sourceTree = "<group>"; };
		B994C6A925627DBE000E563C /* Info.plist */ = {isa = PBXFileReference; lastKnownFileType = text.plist.xml; path = Info.plist; sourceTree = "<group>"; };
		B9A156F8256E303A00FFDA20 /* HomeDJStationSectionView.swift */ = {isa = PBXFileReference; lastKnownFileType = sourcecode.swift; path = HomeDJStationSectionView.swift; sourceTree = "<group>"; };
		B9A156FE256E307900FFDA20 /* HomeDJStationItemView.swift */ = {isa = PBXFileReference; lastKnownFileType = sourcecode.swift; path = HomeDJStationItemView.swift; sourceTree = "<group>"; };
		B9A15702256E308900FFDA20 /* HomeDJStationItem.swift */ = {isa = PBXFileReference; lastKnownFileType = sourcecode.swift; path = HomeDJStationItem.swift; sourceTree = "<group>"; };
		B9B4D1EA256E5BB600EC2FE2 /* MoreHeaderView.swift */ = {isa = PBXFileReference; lastKnownFileType = sourcecode.swift; path = MoreHeaderView.swift; sourceTree = "<group>"; };
		B9B6279825628130006B0F00 /* .swiftlint.yml */ = {isa = PBXFileReference; fileEncoding = 4; lastKnownFileType = text.yaml; path = .swiftlint.yml; sourceTree = "<group>"; };
		B9C628CA257BF3DA000BCE80 /* PlaylistDetailView.swift */ = {isa = PBXFileReference; lastKnownFileType = sourcecode.swift; path = PlaylistDetailView.swift; sourceTree = "<group>"; };
		B9C628E0257C06F9000BCE80 /* MockItemFactory.swift */ = {isa = PBXFileReference; lastKnownFileType = sourcecode.swift; path = MockItemFactory.swift; sourceTree = "<group>"; };
		B9C628E7257C0AEC000BCE80 /* SearchView.swift */ = {isa = PBXFileReference; lastKnownFileType = sourcecode.swift; path = SearchView.swift; sourceTree = "<group>"; };
		B9C628EB257C1C35000BCE80 /* NewsItemView.swift */ = {isa = PBXFileReference; lastKnownFileType = sourcecode.swift; path = NewsItemView.swift; sourceTree = "<group>"; };
		B9C628FB257C2B4D000BCE80 /* GenreSectionView.swift */ = {isa = PBXFileReference; lastKnownFileType = sourcecode.swift; path = GenreSectionView.swift; sourceTree = "<group>"; };
		B9C911612578E02400057E6F /* ServerRepository.swift */ = {isa = PBXFileReference; lastKnownFileType = sourcecode.swift; path = ServerRepository.swift; sourceTree = "<group>"; };
		B9D18FDE256CD7B000ECEFEC /* HomeSummaryItem.swift */ = {isa = PBXFileReference; lastKnownFileType = sourcecode.swift; path = HomeSummaryItem.swift; sourceTree = "<group>"; };
		B9D793B02577E9C500B40D0E /* ChartView.swift */ = {isa = PBXFileReference; lastKnownFileType = sourcecode.swift; path = ChartView.swift; sourceTree = "<group>"; };
		B9D793BA2577FDBC00B40D0E /* FiveRowSongGridView.swift */ = {isa = PBXFileReference; lastKnownFileType = sourcecode.swift; path = FiveRowSongGridView.swift; sourceTree = "<group>"; };
		B9D793FA25780E3300B40D0E /* Album.swift */ = {isa = PBXFileReference; fileEncoding = 4; lastKnownFileType = sourcecode.swift; path = Album.swift; sourceTree = "<group>"; };
		B9DB8A19256CFE6900D3F1A2 /* Color+vibePink.swift */ = {isa = PBXFileReference; lastKnownFileType = sourcecode.swift; path = "Color+vibePink.swift"; sourceTree = "<group>"; };
		B9DB8A1F256D08F500D3F1A2 /* ArtistSection.swift */ = {isa = PBXFileReference; lastKnownFileType = sourcecode.swift; path = ArtistSection.swift; sourceTree = "<group>"; };
		B9F0BDAB256ED2B7004A2852 /* SectionScrollView.swift */ = {isa = PBXFileReference; lastKnownFileType = sourcecode.swift; path = SectionScrollView.swift; sourceTree = "<group>"; };
		B9F0BDC9256EDDB3004A2852 /* CGFloat+twoItemImageWidth.swift */ = {isa = PBXFileReference; lastKnownFileType = sourcecode.swift; path = "CGFloat+twoItemImageWidth.swift"; sourceTree = "<group>"; };
		B9F0BDCF256EDE41004A2852 /* CGFloat+oneItemImageWidth.swift */ = {isa = PBXFileReference; lastKnownFileType = sourcecode.swift; path = "CGFloat+oneItemImageWidth.swift"; sourceTree = "<group>"; };
		B9F0BDD3256EE031004A2852 /* ImageItemView.swift */ = {isa = PBXFileReference; lastKnownFileType = sourcecode.swift; path = ImageItemView.swift; sourceTree = "<group>"; };
		B9FEA4E5257668E10089CCD6 /* Networking.swift */ = {isa = PBXFileReference; lastKnownFileType = sourcecode.swift; path = Networking.swift; sourceTree = "<group>"; };
		B9FEA4ED25767BA20089CCD6 /* RequestProviding.swift */ = {isa = PBXFileReference; lastKnownFileType = sourcecode.swift; path = RequestProviding.swift; sourceTree = "<group>"; };
		B9FF8A47257A78BB00B774CD /* FiveRowSongGridViewModel.swift */ = {isa = PBXFileReference; lastKnownFileType = sourcecode.swift; path = "\U0010FiveRowSongGridViewModel.swift"; sourceTree = "<group>"; };
		B9FF8A59257A830E00B774CD /* AlbumSectionView.swift */ = {isa = PBXFileReference; lastKnownFileType = sourcecode.swift; path = AlbumSectionView.swift; sourceTree = "<group>"; };
		B9FF8A5D257A832800B774CD /* AlbumSectionViewModel.swift */ = {isa = PBXFileReference; lastKnownFileType = sourcecode.swift; path = AlbumSectionViewModel.swift; sourceTree = "<group>"; };
		B9FF8A61257A846100B774CD /* RankChangeView.swift */ = {isa = PBXFileReference; lastKnownFileType = sourcecode.swift; path = RankChangeView.swift; sourceTree = "<group>"; };
		B9FF8A6D257A951100B774CD /* Playlist.swift */ = {isa = PBXFileReference; lastKnownFileType = sourcecode.swift; path = Playlist.swift; sourceTree = "<group>"; };
		B9FF8A75257A992400B774CD /* Magazine.swift */ = {isa = PBXFileReference; lastKnownFileType = sourcecode.swift; path = Magazine.swift; sourceTree = "<group>"; };
		B9FF8A7F257A9DDF00B774CD /* PlaylistSectionView.swift */ = {isa = PBXFileReference; lastKnownFileType = sourcecode.swift; path = PlaylistSectionView.swift; sourceTree = "<group>"; };
		B9FF8A83257A9E1200B774CD /* PlaylistSectionViewModel.swift */ = {isa = PBXFileReference; lastKnownFileType = sourcecode.swift; path = PlaylistSectionViewModel.swift; sourceTree = "<group>"; };
		B9FF8A8F257AA3FC00B774CD /* PlaylistMoreView.swift */ = {isa = PBXFileReference; fileEncoding = 4; lastKnownFileType = sourcecode.swift; path = PlaylistMoreView.swift; sourceTree = "<group>"; };
		D79633046F581A9010E0BE59 /* Pods-MiniVIBE.release.xcconfig */ = {isa = PBXFileReference; includeInIndex = 1; lastKnownFileType = text.xcconfig; name = "Pods-MiniVIBE.release.xcconfig"; path = "Target Support Files/Pods-MiniVIBE/Pods-MiniVIBE.release.xcconfig"; sourceTree = "<group>"; };
		DE09042E256CCE11002914B5 /* HomeMagazineSectionView.swift */ = {isa = PBXFileReference; lastKnownFileType = sourcecode.swift; path = HomeMagazineSectionView.swift; sourceTree = "<group>"; };
		DE090442256D098A002914B5 /* HomeNowItemView.swift */ = {isa = PBXFileReference; lastKnownFileType = sourcecode.swift; path = HomeNowItemView.swift; sourceTree = "<group>"; };
		DE090446256D09CC002914B5 /* HomeNowReplayItem.swift */ = {isa = PBXFileReference; lastKnownFileType = sourcecode.swift; path = HomeNowReplayItem.swift; sourceTree = "<group>"; };
		DE09044A256D0A5D002914B5 /* HomeMagazineItemView.swift */ = {isa = PBXFileReference; lastKnownFileType = sourcecode.swift; path = HomeMagazineItemView.swift; sourceTree = "<group>"; };
		DE18EE8A257B9D34009E4E11 /* View+emitEvent.swift */ = {isa = PBXFileReference; lastKnownFileType = sourcecode.swift; path = "View+emitEvent.swift"; sourceTree = "<group>"; };
		DE18EE96257BF59A009E4E11 /* Event.swift */ = {isa = PBXFileReference; lastKnownFileType = sourcecode.swift; path = Event.swift; sourceTree = "<group>"; };
		DE18EE9A257BF5FB009E4E11 /* CDEvent+CoreDataProperties.swift */ = {isa = PBXFileReference; lastKnownFileType = sourcecode.swift; name = "CDEvent+CoreDataProperties.swift"; path = "/Users/cgh/Dev/iOS/MiniVIBE/MiniVIBE/Models/CDEvent+CoreDataProperties.swift"; sourceTree = "<absolute>"; };
		DE18EE9B257BF5FB009E4E11 /* CDEvent+CoreDataClass.swift */ = {isa = PBXFileReference; lastKnownFileType = sourcecode.swift; name = "CDEvent+CoreDataClass.swift"; path = "/Users/cgh/Dev/iOS/MiniVIBE/MiniVIBE/Models/CDEvent+CoreDataClass.swift"; sourceTree = "<absolute>"; };
		DE18EEA0257BFA13009E4E11 /* Reachability.swift */ = {isa = PBXFileReference; lastKnownFileType = sourcecode.swift; path = Reachability.swift; sourceTree = "<group>"; };
		DE3D6F8825640FE800C236EF /* HomeFooterView.swift */ = {isa = PBXFileReference; lastKnownFileType = sourcecode.swift; path = HomeFooterView.swift; sourceTree = "<group>"; };
		DE3D6F94256414EA00C236EF /* HomeNowSectionView.swift */ = {isa = PBXFileReference; lastKnownFileType = sourcecode.swift; path = HomeNowSectionView.swift; sourceTree = "<group>"; };
		DE3EF6D1257361EC00A25B71 /* MusicPlayerView.swift */ = {isa = PBXFileReference; lastKnownFileType = sourcecode.swift; path = MusicPlayerView.swift; sourceTree = "<group>"; };
		DE75169F25776F990054AFC6 /* LocalRepository.swift */ = {isa = PBXFileReference; lastKnownFileType = sourcecode.swift; path = LocalRepository.swift; sourceTree = "<group>"; };
		DEB6A6EC2572C89E00C97A0C /* DetailHeaderView.swift */ = {isa = PBXFileReference; lastKnownFileType = sourcecode.swift; path = DetailHeaderView.swift; sourceTree = "<group>"; };
		DEC076D92563AEBE004862AA /* HomeView.swift */ = {isa = PBXFileReference; lastKnownFileType = sourcecode.swift; path = HomeView.swift; sourceTree = "<group>"; };
		DEF5EFE825723A01006666DC /* NowPlayingBarView.swift */ = {isa = PBXFileReference; lastKnownFileType = sourcecode.swift; path = NowPlayingBarView.swift; sourceTree = "<group>"; };
		DEF5EFED25727E47006666DC /* Song.swift */ = {isa = PBXFileReference; lastKnownFileType = sourcecode.swift; path = Song.swift; sourceTree = "<group>"; };
		DEF5EFF125727E58006666DC /* MusicPlayer.swift */ = {isa = PBXFileReference; lastKnownFileType = sourcecode.swift; path = MusicPlayer.swift; sourceTree = "<group>"; };
		DEF8AEF52563C81200CE2A2F /* Assets.xcassets */ = {isa = PBXFileReference; lastKnownFileType = folder.assetcatalog; path = Assets.xcassets; sourceTree = "<group>"; };
/* End PBXFileReference section */

/* Begin PBXFrameworksBuildPhase section */
		B9885966257684510037D19B /* Frameworks */ = {
			isa = PBXFrameworksBuildPhase;
			buildActionMask = 2147483647;
			files = (
			);
			runOnlyForDeploymentPostprocessing = 0;
		};
		B994C69525627DBD000E563C /* Frameworks */ = {
			isa = PBXFrameworksBuildPhase;
			buildActionMask = 2147483647;
			files = (
				AD62AD7689CD423579B7C6A4 /* libPods-MiniVIBE.a in Frameworks */,
			);
			runOnlyForDeploymentPostprocessing = 0;
		};
/* End PBXFrameworksBuildPhase section */

/* Begin PBXGroup section */
		0718D3CA313ECA24B75B795F /* Pods */ = {
			isa = PBXGroup;
			children = (
				B251DDD6E742687B7610BEE2 /* Pods-MiniVIBE.debug.xcconfig */,
				D79633046F581A9010E0BE59 /* Pods-MiniVIBE.release.xcconfig */,
			);
			path = Pods;
			sourceTree = "<group>";
		};
		B912A15D257815C100223C0B /* VideoView */ = {
			isa = PBXGroup;
			children = (
				B912A15E257815CD00223C0B /* VideoView.swift */,
				B912A1642578161500223C0B /* VideoHeaderView.swift */,
			);
			path = VideoView;
			sourceTree = "<group>";
		};
		B923A7EF2577A80E00E5C48D /* HomeDJStaionDetail */ = {
			isa = PBXGroup;
			children = (
				B923A7EB2577A80400E5C48D /* HomeDJStationDetailView.swift */,
			);
			path = HomeDJStaionDetail;
			sourceTree = "<group>";
		};
		B962EB292578DAB600421115 /* UI */ = {
			isa = PBXGroup;
			children = (
				B994C69D25627DBD000E563C /* ContentView.swift */,
				B9DB8A18256CFE1C00D3F1A2 /* Extension */,
				B962EB2B2578DB1900421115 /* Components */,
				B9FF8A8E257AA3D800B774CD /* PlayingBar */,
				B9D18FD8256CD61600ECEFEC /* HomeView */,
				B9D793AF2577E9A500B40D0E /* ChartView */,
				B912A15D257815C100223C0B /* VideoView */,
				B9C628E6257C0AB5000BCE80 /* SearchVIew */,
			);
			path = UI;
			sourceTree = "<group>";
		};
		B962EB2A2578DAE000421115 /* Persistence */ = {
			isa = PBXGroup;
			children = (
				B994C6A425627DBE000E563C /* Persistence.swift */,
				B994C6A625627DBE000E563C /* MiniVIBE.xcdatamodeld */,
			);
			path = Persistence;
			sourceTree = "<group>";
		};
		B962EB2B2578DB1900421115 /* Components */ = {
			isa = PBXGroup;
			children = (
				B9FF8A8C257AA3A600B774CD /* Common */,
				B9FF8A8B257AA38000B774CD /* FiveRowSongGridSection */,
				B9FF8A8A257AA37200B774CD /* AlbumSection */,
				B9FF8A89257AA36500B774CD /* PlayListSection */,
			);
			path = Components;
			sourceTree = "<group>";
		};
		B979681C2578DC9000D57161 /* Injected */ = {
			isa = PBXGroup;
			children = (
				B97968272578DDDF00D57161 /* DependencyInjector.swift */,
			);
			path = Injected;
			sourceTree = "<group>";
		};
		B979681D2578DCA500D57161 /* Services */ = {
			isa = PBXGroup;
			children = (
				B9258E162578E49200D4487C /* EventService.swift */,
			);
			path = Services;
			sourceTree = "<group>";
		};
		B979681E2578DCC500D57161 /* Resources */ = {
			isa = PBXGroup;
			children = (
				B994C6A925627DBE000E563C /* Info.plist */,
				DEF8AEF52563C81200CE2A2F /* Assets.xcassets */,
			);
			path = Resources;
			sourceTree = "<group>";
		};
		B979681F2578DCE800D57161 /* System */ = {
			isa = PBXGroup;
			children = (
				B994C69B25627DBD000E563C /* MiniVIBEApp.swift */,
			);
			path = System;
			sourceTree = "<group>";
		};
		B988596A257684510037D19B /* MiniVIBETests */ = {
			isa = PBXGroup;
			children = (
				B988596B257684510037D19B /* MiniVIBETests.swift */,
				B988596D257684510037D19B /* Info.plist */,
				B96F49F625768B7200C5AF5F /* MockRequest.swift */,
				B96F49FA25768CB800C5AF5F /* NetworkError+Equatable.swift */,
			);
			path = MiniVIBETests;
			sourceTree = "<group>";
		};
		B994C68F25627DBD000E563C = {
			isa = PBXGroup;
			children = (
				B9B6279825628130006B0F00 /* .swiftlint.yml */,
				B994C69A25627DBD000E563C /* MiniVIBE */,
				B988596A257684510037D19B /* MiniVIBETests */,
				B994C69925627DBD000E563C /* Products */,
				0718D3CA313ECA24B75B795F /* Pods */,
				CA233B27D449220AF6D7CF38 /* Frameworks */,
			);
			sourceTree = "<group>";
		};
		B994C69925627DBD000E563C /* Products */ = {
			isa = PBXGroup;
			children = (
				B994C69825627DBD000E563C /* MiniVIBE.app */,
				B9885969257684510037D19B /* MiniVIBETests.xctest */,
			);
			name = Products;
			sourceTree = "<group>";
		};
		B994C69A25627DBD000E563C /* MiniVIBE */ = {
			isa = PBXGroup;
			children = (
				B962EB292578DAB600421115 /* UI */,
				DEF5EFEC25727DF8006666DC /* Models */,
				B9FEA4EC25767AE60089CCD6 /* Utilities */,
				B979681D2578DCA500D57161 /* Services */,
				DE75169E25776F8A0054AFC6 /* Repositories */,
				B979681C2578DC9000D57161 /* Injected */,
				B962EB2A2578DAE000421115 /* Persistence */,
				B979681F2578DCE800D57161 /* System */,
				B979681E2578DCC500D57161 /* Resources */,
				B994C6A125627DBE000E563C /* Preview Content */,
			);
			path = MiniVIBE;
			sourceTree = "<group>";
		};
		B994C6A125627DBE000E563C /* Preview Content */ = {
			isa = PBXGroup;
			children = (
				B994C6A225627DBE000E563C /* Preview Assets.xcassets */,
			);
			path = "Preview Content";
			sourceTree = "<group>";
		};
		B9A156F7256E2EDA00FFDA20 /* HomeDJStationSection */ = {
			isa = PBXGroup;
			children = (
				B9A156F8256E303A00FFDA20 /* HomeDJStationSectionView.swift */,
				B9A156FE256E307900FFDA20 /* HomeDJStationItemView.swift */,
				B9A15702256E308900FFDA20 /* HomeDJStationItem.swift */,
				B923A7EF2577A80E00E5C48D /* HomeDJStaionDetail */,
			);
			path = HomeDJStationSection;
			sourceTree = "<group>";
		};
		B9C628E6257C0AB5000BCE80 /* SearchVIew */ = {
			isa = PBXGroup;
			children = (
				B9C628E7257C0AEC000BCE80 /* SearchView.swift */,
				B9C628EB257C1C35000BCE80 /* NewsItemView.swift */,
				B9C628FB257C2B4D000BCE80 /* GenreSectionView.swift */,
			);
			path = SearchVIew;
			sourceTree = "<group>";
		};
		B9D18FD8256CD61600ECEFEC /* HomeView */ = {
			isa = PBXGroup;
			children = (
				DEC076D92563AEBE004862AA /* HomeView.swift */,
				B95964E0256CEF520041B135 /* HomeHeaderView.swift */,
				DE3D6F8825640FE800C236EF /* HomeFooterView.swift */,
				B9D18FD9256CD62400ECEFEC /* HomeSummarySection */,
				DE09043F256D0827002914B5 /* HomeMagazineSection */,
				DE09043E256D07F4002914B5 /* HomeNowSection */,
				B9DB8A23256D08FC00D3F1A2 /* HomeArtistSection */,
				B9A156F7256E2EDA00FFDA20 /* HomeDJStationSection */,
			);
			path = HomeView;
			sourceTree = "<group>";
		};
		B9D18FD9256CD62400ECEFEC /* HomeSummarySection */ = {
			isa = PBXGroup;
			children = (
				B93ED12E256BBC7D0033C43B /* HomeSummarySectionView.swift */,
				B95964D4256CDF9D0041B135 /* HomeSummaryItemView.swift */,
				B9D18FDE256CD7B000ECEFEC /* HomeSummaryItem.swift */,
			);
			path = HomeSummarySection;
			sourceTree = "<group>";
		};
		B9D793AF2577E9A500B40D0E /* ChartView */ = {
			isa = PBXGroup;
			children = (
				B9D793B02577E9C500B40D0E /* ChartView.swift */,
				B9129282257812C9002F516F /* MusicVideoTop50SectionView.swift */,
			);
			path = ChartView;
			sourceTree = "<group>";
		};
		B9DB8A18256CFE1C00D3F1A2 /* Extension */ = {
			isa = PBXGroup;
			children = (
				B931019D256D800000DD5ADA /* View+vibeTitle1.swift */,
				B931018D256D7CC900DD5ADA /* View+vibeTitle2.swift */,
				B93101B1256D848500DD5ADA /* View+vibeTitle3.swift */,
				B93101A7256D823700DD5ADA /* View+vibeMainText.swift */,
				B9DB8A19256CFE6900D3F1A2 /* Color+vibePink.swift */,
				B97A5066256E7343003F7DF5 /* CGFloat+defaultValues.swift */,
				B9F0BDC9256EDDB3004A2852 /* CGFloat+twoItemImageWidth.swift */,
				B9F0BDCF256EDE41004A2852 /* CGFloat+oneItemImageWidth.swift */,
				DE18EE8A257B9D34009E4E11 /* View+emitEvent.swift */,
			);
			path = Extension;
			sourceTree = "<group>";
		};
		B9DB8A23256D08FC00D3F1A2 /* HomeArtistSection */ = {
			isa = PBXGroup;
			children = (
				B9DB8A1F256D08F500D3F1A2 /* ArtistSection.swift */,
			);
			path = HomeArtistSection;
			sourceTree = "<group>";
		};
		B9FEA4EC25767AE60089CCD6 /* Utilities */ = {
			isa = PBXGroup;
			children = (
				B9FEA4E5257668E10089CCD6 /* Networking.swift */,
				B9FEA4ED25767BA20089CCD6 /* RequestProviding.swift */,
				DE18EEA0257BFA13009E4E11 /* Reachability.swift */,
			);
			path = Utilities;
			sourceTree = "<group>";
		};
		B9FF8A89257AA36500B774CD /* PlayListSection */ = {
			isa = PBXGroup;
			children = (
				B9FF8A7F257A9DDF00B774CD /* PlaylistSectionView.swift */,
				B9FF8A83257A9E1200B774CD /* PlaylistSectionViewModel.swift */,
				B9FF8A8F257AA3FC00B774CD /* PlaylistMoreView.swift */,
				B9C628CA257BF3DA000BCE80 /* PlaylistDetailView.swift */,
			);
			path = PlayListSection;
			sourceTree = "<group>";
		};
		B9FF8A8A257AA37200B774CD /* AlbumSection */ = {
			isa = PBXGroup;
			children = (
				B9FF8A59257A830E00B774CD /* AlbumSectionView.swift */,
				B9FF8A5D257A832800B774CD /* AlbumSectionViewModel.swift */,
			);
			path = AlbumSection;
			sourceTree = "<group>";
		};
		B9FF8A8B257AA38000B774CD /* FiveRowSongGridSection */ = {
			isa = PBXGroup;
			children = (
				B9D793BA2577FDBC00B40D0E /* FiveRowSongGridView.swift */,
				B971C46C257AAAF700C57CE9 /* FiveRowSongGridMoreView.swift */,
				B9FF8A47257A78BB00B774CD /* FiveRowSongGridViewModel.swift */,
			);
			path = FiveRowSongGridSection;
			sourceTree = "<group>";
		};
		B9FF8A8C257AA3A600B774CD /* Common */ = {
			isa = PBXGroup;
			children = (
				DEB6A6EC2572C89E00C97A0C /* DetailHeaderView.swift */,
				B9F0BDD3256EE031004A2852 /* ImageItemView.swift */,
				B9FF8A61257A846100B774CD /* RankChangeView.swift */,
				B9F0BDAB256ED2B7004A2852 /* SectionScrollView.swift */,
				B9B4D1EA256E5BB600EC2FE2 /* MoreHeaderView.swift */,
				B971C474257ABDE300C57CE9 /* PlayShuffleHeaderButton.swift */,
			);
			path = Common;
			sourceTree = "<group>";
		};
		B9FF8A8E257AA3D800B774CD /* PlayingBar */ = {
			isa = PBXGroup;
			children = (
				DEF5EFE825723A01006666DC /* NowPlayingBarView.swift */,
				DE3EF6D1257361EC00A25B71 /* MusicPlayerView.swift */,
			);
			path = PlayingBar;
			sourceTree = "<group>";
		};
		CA233B27D449220AF6D7CF38 /* Frameworks */ = {
			isa = PBXGroup;
			children = (
				71F736C7CF8B7E1A46282594 /* libPods-MiniVIBE.a */,
			);
			name = Frameworks;
			sourceTree = "<group>";
		};
		DE09043E256D07F4002914B5 /* HomeNowSection */ = {
			isa = PBXGroup;
			children = (
				DE3D6F94256414EA00C236EF /* HomeNowSectionView.swift */,
				DE090442256D098A002914B5 /* HomeNowItemView.swift */,
				DE090446256D09CC002914B5 /* HomeNowReplayItem.swift */,
			);
			path = HomeNowSection;
			sourceTree = "<group>";
		};
		DE09043F256D0827002914B5 /* HomeMagazineSection */ = {
			isa = PBXGroup;
			children = (
				DE09042E256CCE11002914B5 /* HomeMagazineSectionView.swift */,
				DE09044A256D0A5D002914B5 /* HomeMagazineItemView.swift */,
			);
			path = HomeMagazineSection;
			sourceTree = "<group>";
		};
		DE75169E25776F8A0054AFC6 /* Repositories */ = {
			isa = PBXGroup;
			children = (
				DE75169F25776F990054AFC6 /* LocalRepository.swift */,
				B9C911612578E02400057E6F /* ServerRepository.swift */,
			);
			path = Repositories;
			sourceTree = "<group>";
		};
		DEF5EFEC25727DF8006666DC /* Models */ = {
			isa = PBXGroup;
			children = (
				DE18EE9B257BF5FB009E4E11 /* CDEvent+CoreDataClass.swift */,
				DE18EE9A257BF5FB009E4E11 /* CDEvent+CoreDataProperties.swift */,
				DEF5EFED25727E47006666DC /* Song.swift */,
				B9D793FA25780E3300B40D0E /* Album.swift */,
				DEF5EFF125727E58006666DC /* MusicPlayer.swift */,
				B962B09C2578169B00111978 /* Video.swift */,
				B9FF8A6D257A951100B774CD /* Playlist.swift */,
				B97968222578DD8900D57161 /* Network.swift */,
				B9FF8A75257A992400B774CD /* Magazine.swift */,
				DE18EE96257BF59A009E4E11 /* Event.swift */,
				B9C628E0257C06F9000BCE80 /* MockItemFactory.swift */,
			);
			path = Models;
			sourceTree = "<group>";
		};
/* End PBXGroup section */

/* Begin PBXNativeTarget section */
		B9885968257684510037D19B /* MiniVIBETests */ = {
			isa = PBXNativeTarget;
			buildConfigurationList = B9885970257684510037D19B /* Build configuration list for PBXNativeTarget "MiniVIBETests" */;
			buildPhases = (
				B9885965257684510037D19B /* Sources */,
				B9885966257684510037D19B /* Frameworks */,
				B9885967257684510037D19B /* Resources */,
			);
			buildRules = (
			);
			dependencies = (
				B988596F257684510037D19B /* PBXTargetDependency */,
			);
			name = MiniVIBETests;
			productName = MiniVIBETests;
			productReference = B9885969257684510037D19B /* MiniVIBETests.xctest */;
			productType = "com.apple.product-type.bundle.unit-test";
		};
		B994C69725627DBD000E563C /* MiniVIBE */ = {
			isa = PBXNativeTarget;
			buildConfigurationList = B994C6AC25627DBE000E563C /* Build configuration list for PBXNativeTarget "MiniVIBE" */;
			buildPhases = (
				A5459FF9EB284B23934C9B38 /* [CP] Check Pods Manifest.lock */,
				B994C69425627DBD000E563C /* Sources */,
				B994C69525627DBD000E563C /* Frameworks */,
				B994C69625627DBD000E563C /* Resources */,
				B9B62796256280A7006B0F00 /* ShellScript */,
			);
			buildRules = (
			);
			dependencies = (
			);
			name = MiniVIBE;
			productName = MiniVIBE;
			productReference = B994C69825627DBD000E563C /* MiniVIBE.app */;
			productType = "com.apple.product-type.application";
		};
/* End PBXNativeTarget section */

/* Begin PBXProject section */
		B994C69025627DBD000E563C /* Project object */ = {
			isa = PBXProject;
			attributes = {
				LastSwiftUpdateCheck = 1220;
				LastUpgradeCheck = 1220;
				TargetAttributes = {
					B9885968257684510037D19B = {
						CreatedOnToolsVersion = 12.2;
						TestTargetID = B994C69725627DBD000E563C;
					};
					B994C69725627DBD000E563C = {
						CreatedOnToolsVersion = 12.2;
					};
				};
			};
			buildConfigurationList = B994C69325627DBD000E563C /* Build configuration list for PBXProject "MiniVIBE" */;
			compatibilityVersion = "Xcode 9.3";
			developmentRegion = en;
			hasScannedForEncodings = 0;
			knownRegions = (
				en,
				Base,
			);
			mainGroup = B994C68F25627DBD000E563C;
			productRefGroup = B994C69925627DBD000E563C /* Products */;
			projectDirPath = "";
			projectRoot = "";
			targets = (
				B994C69725627DBD000E563C /* MiniVIBE */,
				B9885968257684510037D19B /* MiniVIBETests */,
			);
		};
/* End PBXProject section */

/* Begin PBXResourcesBuildPhase section */
		B9885967257684510037D19B /* Resources */ = {
			isa = PBXResourcesBuildPhase;
			buildActionMask = 2147483647;
			files = (
			);
			runOnlyForDeploymentPostprocessing = 0;
		};
		B994C69625627DBD000E563C /* Resources */ = {
			isa = PBXResourcesBuildPhase;
			buildActionMask = 2147483647;
			files = (
				B9B6279925628130006B0F00 /* .swiftlint.yml in Resources */,
				DEF8AEF62563C81200CE2A2F /* Assets.xcassets in Resources */,
				B994C6A325627DBE000E563C /* Preview Assets.xcassets in Resources */,
			);
			runOnlyForDeploymentPostprocessing = 0;
		};
/* End PBXResourcesBuildPhase section */

/* Begin PBXShellScriptBuildPhase section */
		A5459FF9EB284B23934C9B38 /* [CP] Check Pods Manifest.lock */ = {
			isa = PBXShellScriptBuildPhase;
			buildActionMask = 2147483647;
			files = (
			);
			inputFileListPaths = (
			);
			inputPaths = (
				"${PODS_PODFILE_DIR_PATH}/Podfile.lock",
				"${PODS_ROOT}/Manifest.lock",
			);
			name = "[CP] Check Pods Manifest.lock";
			outputFileListPaths = (
			);
			outputPaths = (
				"$(DERIVED_FILE_DIR)/Pods-MiniVIBE-checkManifestLockResult.txt",
			);
			runOnlyForDeploymentPostprocessing = 0;
			shellPath = /bin/sh;
			shellScript = "diff \"${PODS_PODFILE_DIR_PATH}/Podfile.lock\" \"${PODS_ROOT}/Manifest.lock\" > /dev/null\nif [ $? != 0 ] ; then\n    # print error to STDERR\n    echo \"error: The sandbox is not in sync with the Podfile.lock. Run 'pod install' or update your CocoaPods installation.\" >&2\n    exit 1\nfi\n# This output is used by Xcode 'outputs' to avoid re-running this script phase.\necho \"SUCCESS\" > \"${SCRIPT_OUTPUT_FILE_0}\"\n";
			showEnvVarsInLog = 0;
		};
		B9B62796256280A7006B0F00 /* ShellScript */ = {
			isa = PBXShellScriptBuildPhase;
			buildActionMask = 2147483647;
			files = (
			);
			inputFileListPaths = (
			);
			inputPaths = (
			);
			outputFileListPaths = (
			);
			outputPaths = (
			);
			runOnlyForDeploymentPostprocessing = 0;
			shellPath = /bin/sh;
			shellScript = "\"${PODS_ROOT}/SwiftLint/swiftlint\"\n";
		};
/* End PBXShellScriptBuildPhase section */

/* Begin PBXSourcesBuildPhase section */
		B9885965257684510037D19B /* Sources */ = {
			isa = PBXSourcesBuildPhase;
			buildActionMask = 2147483647;
			files = (
				B988596C257684510037D19B /* MiniVIBETests.swift in Sources */,
				B96F49F725768B7200C5AF5F /* MockRequest.swift in Sources */,
				B96F49FB25768CB800C5AF5F /* NetworkError+Equatable.swift in Sources */,
			);
			runOnlyForDeploymentPostprocessing = 0;
		};
		B994C69425627DBD000E563C /* Sources */ = {
			isa = PBXSourcesBuildPhase;
			buildActionMask = 2147483647;
			files = (
				DEF5EFEE25727E47006666DC /* Song.swift in Sources */,
				B9B4D1FF256E5CC300EC2FE2 /* HomeSummaryItemView.swift in Sources */,
				B9B4D1F9256E5C8A00EC2FE2 /* Color+vibePink.swift in Sources */,
				B9C628FC257C2B4D000BCE80 /* GenreSectionView.swift in Sources */,
				B9FF8A84257A9E1200B774CD /* PlaylistSectionViewModel.swift in Sources */,
				B9B4D1FA256E5C8A00EC2FE2 /* HomeSummarySectionView.swift in Sources */,
				DE18EE9D257BF5FB009E4E11 /* CDEvent+CoreDataClass.swift in Sources */,
				DE7516A025776F990054AFC6 /* LocalRepository.swift in Sources */,
				B9F0BDD4256EE031004A2852 /* ImageItemView.swift in Sources */,
				B962B09D2578169B00111978 /* Video.swift in Sources */,
				B9D793FB25780E3300B40D0E /* Album.swift in Sources */,
				B9B4D1F6256E5C7D00EC2FE2 /* HomeHeaderView.swift in Sources */,
				B9FF8A76257A992400B774CD /* Magazine.swift in Sources */,
				B9FF8A62257A846100B774CD /* RankChangeView.swift in Sources */,
				B9D793BB2577FDBC00B40D0E /* FiveRowSongGridView.swift in Sources */,
				DE09042F256CCE11002914B5 /* HomeMagazineSectionView.swift in Sources */,
				DE18EE8B257B9D34009E4E11 /* View+emitEvent.swift in Sources */,
				B9FEA4EE25767BA20089CCD6 /* RequestProviding.swift in Sources */,
				B97A5067256E7343003F7DF5 /* CGFloat+defaultValues.swift in Sources */,
				B9F0BDD0256EDE41004A2852 /* CGFloat+oneItemImageWidth.swift in Sources */,
				DE3D6F8925640FE800C236EF /* HomeFooterView.swift in Sources */,
				DE18EE97257BF59A009E4E11 /* Event.swift in Sources */,
				B9FF8A90257AA3FC00B774CD /* PlayListMoreView.swift in Sources */,
				B9FF8A90257AA3FC00B774CD /* PlaylistMoreView.swift in Sources */,
				B9129283257812C9002F516F /* MusicVideoTop50SectionView.swift in Sources */,
				B994C6A825627DBE000E563C /* MiniVIBE.xcdatamodeld in Sources */,
				B9FF8A48257A78BB00B774CD /* FiveRowSongGridViewModel.swift in Sources */,
				B912A1652578161500223C0B /* VideoHeaderView.swift in Sources */,
				B9258E172578E49200D4487C /* EventService.swift in Sources */,
				B9FF8A5A257A830E00B774CD /* AlbumSectionView.swift in Sources */,
				B9C628CB257BF3DA000BCE80 /* PlaylistDetailView.swift in Sources */,
				B9B4D1EB256E5BB600EC2FE2 /* MoreHeaderView.swift in Sources */,
				B923A7EC2577A80400E5C48D /* HomeDJStationDetailView.swift in Sources */,
				B9C628E8257C0AEC000BCE80 /* SearchView.swift in Sources */,
				DE09044B256D0A5D002914B5 /* HomeMagazineItemView.swift in Sources */,
				DE090443256D098A002914B5 /* HomeNowItemView.swift in Sources */,
				B9DB8A20256D08F500D3F1A2 /* ArtistSection.swift in Sources */,
				B9A156F9256E303A00FFDA20 /* HomeDJStationSectionView.swift in Sources */,
				B971C475257ABDE300C57CE9 /* PlayShuffleHeaderButton.swift in Sources */,
				DEF5EFE925723A01006666DC /* NowPlayingBarView.swift in Sources */,
				DE3EF6D2257361EC00A25B71 /* MusicPlayerView.swift in Sources */,
				B97968282578DDDF00D57161 /* DependencyInjector.swift in Sources */,
				B9C911622578E02400057E6F /* ServerRepository.swift in Sources */,
				B9D793B12577E9C500B40D0E /* ChartView.swift in Sources */,
				B971C46D257AAAF700C57CE9 /* FiveRowSongGridMoreView.swift in Sources */,
				B931018E256D7CC900DD5ADA /* View+vibeTitle2.swift in Sources */,
				B9A156FF256E307900FFDA20 /* HomeDJStationItemView.swift in Sources */,
				B93101B2256D848500DD5ADA /* View+vibeTitle3.swift in Sources */,
				B93101A8256D823700DD5ADA /* View+vibeMainText.swift in Sources */,
				B994C6A525627DBE000E563C /* Persistence.swift in Sources */,
				B912A15F257815CD00223C0B /* VideoView.swift in Sources */,
				B9F0BDAC256ED2B7004A2852 /* SectionScrollView.swift in Sources */,
				B994C69E25627DBD000E563C /* ContentView.swift in Sources */,
				B9FF8A80257A9DDF00B774CD /* PlaylistSectionView.swift in Sources */,
				B9A15703256E308900FFDA20 /* HomeDJStationItem.swift in Sources */,
				B9C628EC257C1C35000BCE80 /* NewsItemView.swift in Sources */,
				DEF5EFF225727E58006666DC /* MusicPlayer.swift in Sources */,
				B9D18FDF256CD7B000ECEFEC /* HomeSummaryItem.swift in Sources */,
				DEC076DA2563AEBE004862AA /* HomeView.swift in Sources */,
				B994C69C25627DBD000E563C /* MiniVIBEApp.swift in Sources */,
				B9FF8A5E257A832800B774CD /* AlbumSectionViewModel.swift in Sources */,
				DE3D6F95256414EA00C236EF /* HomeNowSectionView.swift in Sources */,
				B9FF8A6E257A951100B774CD /* Playlist.swift in Sources */,
				B9FEA4E6257668E10089CCD6 /* Networking.swift in Sources */,
				B9C628E1257C06F9000BCE80 /* MockItemFactory.swift in Sources */,
				DE090447256D09CC002914B5 /* HomeNowReplayItem.swift in Sources */,
				B931019E256D800000DD5ADA /* View+vibeTitle1.swift in Sources */,
				B9F0BDCA256EDDB3004A2852 /* CGFloat+twoItemImageWidth.swift in Sources */,
				DE18EEA1257BFA13009E4E11 /* Reachability.swift in Sources */,
				DEB6A6ED2572C89F00C97A0C /* DetailHeaderView.swift in Sources */,
				DE18EE9C257BF5FB009E4E11 /* CDEvent+CoreDataProperties.swift in Sources */,
				B97968232578DD8900D57161 /* Network.swift in Sources */,
			);
			runOnlyForDeploymentPostprocessing = 0;
		};
/* End PBXSourcesBuildPhase section */

/* Begin PBXTargetDependency section */
		B988596F257684510037D19B /* PBXTargetDependency */ = {
			isa = PBXTargetDependency;
			target = B994C69725627DBD000E563C /* MiniVIBE */;
			targetProxy = B988596E257684510037D19B /* PBXContainerItemProxy */;
		};
/* End PBXTargetDependency section */

/* Begin XCBuildConfiguration section */
		B9885971257684510037D19B /* Debug */ = {
			isa = XCBuildConfiguration;
			buildSettings = {
				BUNDLE_LOADER = "$(TEST_HOST)";
				CODE_SIGN_STYLE = Automatic;
				DEVELOPMENT_TEAM = B3PWYBKFUK;
				INFOPLIST_FILE = MiniVIBETests/Info.plist;
				IPHONEOS_DEPLOYMENT_TARGET = 14.0;
				LD_RUNPATH_SEARCH_PATHS = (
					"$(inherited)",
					"@executable_path/Frameworks",
					"@loader_path/Frameworks",
				);
				PRODUCT_BUNDLE_IDENTIFIER = kr.dochoi.MiniVIBETests;
				PRODUCT_NAME = "$(TARGET_NAME)";
				SWIFT_VERSION = 5.0;
				TARGETED_DEVICE_FAMILY = "1,2";
				TEST_HOST = "$(BUILT_PRODUCTS_DIR)/MiniVIBE.app/MiniVIBE";
			};
			name = Debug;
		};
		B9885972257684510037D19B /* Release */ = {
			isa = XCBuildConfiguration;
			buildSettings = {
				BUNDLE_LOADER = "$(TEST_HOST)";
				CODE_SIGN_STYLE = Automatic;
				DEVELOPMENT_TEAM = B3PWYBKFUK;
				INFOPLIST_FILE = MiniVIBETests/Info.plist;
				IPHONEOS_DEPLOYMENT_TARGET = 14.0;
				LD_RUNPATH_SEARCH_PATHS = (
					"$(inherited)",
					"@executable_path/Frameworks",
					"@loader_path/Frameworks",
				);
				PRODUCT_BUNDLE_IDENTIFIER = kr.dochoi.MiniVIBETests;
				PRODUCT_NAME = "$(TARGET_NAME)";
				SWIFT_VERSION = 5.0;
				TARGETED_DEVICE_FAMILY = "1,2";
				TEST_HOST = "$(BUILT_PRODUCTS_DIR)/MiniVIBE.app/MiniVIBE";
			};
			name = Release;
		};
		B994C6AA25627DBE000E563C /* Debug */ = {
			isa = XCBuildConfiguration;
			buildSettings = {
				ALWAYS_SEARCH_USER_PATHS = NO;
				CLANG_ANALYZER_NONNULL = YES;
				CLANG_ANALYZER_NUMBER_OBJECT_CONVERSION = YES_AGGRESSIVE;
				CLANG_CXX_LANGUAGE_STANDARD = "gnu++14";
				CLANG_CXX_LIBRARY = "libc++";
				CLANG_ENABLE_MODULES = YES;
				CLANG_ENABLE_OBJC_ARC = YES;
				CLANG_ENABLE_OBJC_WEAK = YES;
				CLANG_WARN_BLOCK_CAPTURE_AUTORELEASING = YES;
				CLANG_WARN_BOOL_CONVERSION = YES;
				CLANG_WARN_COMMA = YES;
				CLANG_WARN_CONSTANT_CONVERSION = YES;
				CLANG_WARN_DEPRECATED_OBJC_IMPLEMENTATIONS = YES;
				CLANG_WARN_DIRECT_OBJC_ISA_USAGE = YES_ERROR;
				CLANG_WARN_DOCUMENTATION_COMMENTS = YES;
				CLANG_WARN_EMPTY_BODY = YES;
				CLANG_WARN_ENUM_CONVERSION = YES;
				CLANG_WARN_INFINITE_RECURSION = YES;
				CLANG_WARN_INT_CONVERSION = YES;
				CLANG_WARN_NON_LITERAL_NULL_CONVERSION = YES;
				CLANG_WARN_OBJC_IMPLICIT_RETAIN_SELF = YES;
				CLANG_WARN_OBJC_LITERAL_CONVERSION = YES;
				CLANG_WARN_OBJC_ROOT_CLASS = YES_ERROR;
				CLANG_WARN_QUOTED_INCLUDE_IN_FRAMEWORK_HEADER = YES;
				CLANG_WARN_RANGE_LOOP_ANALYSIS = YES;
				CLANG_WARN_STRICT_PROTOTYPES = YES;
				CLANG_WARN_SUSPICIOUS_MOVE = YES;
				CLANG_WARN_UNGUARDED_AVAILABILITY = YES_AGGRESSIVE;
				CLANG_WARN_UNREACHABLE_CODE = YES;
				CLANG_WARN__DUPLICATE_METHOD_MATCH = YES;
				COPY_PHASE_STRIP = NO;
				DEBUG_INFORMATION_FORMAT = dwarf;
				ENABLE_STRICT_OBJC_MSGSEND = YES;
				ENABLE_TESTABILITY = YES;
				GCC_C_LANGUAGE_STANDARD = gnu11;
				GCC_DYNAMIC_NO_PIC = NO;
				GCC_NO_COMMON_BLOCKS = YES;
				GCC_OPTIMIZATION_LEVEL = 0;
				GCC_PREPROCESSOR_DEFINITIONS = (
					"DEBUG=1",
					"$(inherited)",
				);
				GCC_WARN_64_TO_32_BIT_CONVERSION = YES;
				GCC_WARN_ABOUT_RETURN_TYPE = YES_ERROR;
				GCC_WARN_UNDECLARED_SELECTOR = YES;
				GCC_WARN_UNINITIALIZED_AUTOS = YES_AGGRESSIVE;
				GCC_WARN_UNUSED_FUNCTION = YES;
				GCC_WARN_UNUSED_VARIABLE = YES;
				IPHONEOS_DEPLOYMENT_TARGET = 14.0;
				MTL_ENABLE_DEBUG_INFO = INCLUDE_SOURCE;
				MTL_FAST_MATH = YES;
				ONLY_ACTIVE_ARCH = YES;
				SDKROOT = iphoneos;
				SWIFT_ACTIVE_COMPILATION_CONDITIONS = DEBUG;
				SWIFT_OPTIMIZATION_LEVEL = "-Onone";
				TARGETED_DEVICE_FAMILY = 1;
			};
			name = Debug;
		};
		B994C6AB25627DBE000E563C /* Release */ = {
			isa = XCBuildConfiguration;
			buildSettings = {
				ALWAYS_SEARCH_USER_PATHS = NO;
				CLANG_ANALYZER_NONNULL = YES;
				CLANG_ANALYZER_NUMBER_OBJECT_CONVERSION = YES_AGGRESSIVE;
				CLANG_CXX_LANGUAGE_STANDARD = "gnu++14";
				CLANG_CXX_LIBRARY = "libc++";
				CLANG_ENABLE_MODULES = YES;
				CLANG_ENABLE_OBJC_ARC = YES;
				CLANG_ENABLE_OBJC_WEAK = YES;
				CLANG_WARN_BLOCK_CAPTURE_AUTORELEASING = YES;
				CLANG_WARN_BOOL_CONVERSION = YES;
				CLANG_WARN_COMMA = YES;
				CLANG_WARN_CONSTANT_CONVERSION = YES;
				CLANG_WARN_DEPRECATED_OBJC_IMPLEMENTATIONS = YES;
				CLANG_WARN_DIRECT_OBJC_ISA_USAGE = YES_ERROR;
				CLANG_WARN_DOCUMENTATION_COMMENTS = YES;
				CLANG_WARN_EMPTY_BODY = YES;
				CLANG_WARN_ENUM_CONVERSION = YES;
				CLANG_WARN_INFINITE_RECURSION = YES;
				CLANG_WARN_INT_CONVERSION = YES;
				CLANG_WARN_NON_LITERAL_NULL_CONVERSION = YES;
				CLANG_WARN_OBJC_IMPLICIT_RETAIN_SELF = YES;
				CLANG_WARN_OBJC_LITERAL_CONVERSION = YES;
				CLANG_WARN_OBJC_ROOT_CLASS = YES_ERROR;
				CLANG_WARN_QUOTED_INCLUDE_IN_FRAMEWORK_HEADER = YES;
				CLANG_WARN_RANGE_LOOP_ANALYSIS = YES;
				CLANG_WARN_STRICT_PROTOTYPES = YES;
				CLANG_WARN_SUSPICIOUS_MOVE = YES;
				CLANG_WARN_UNGUARDED_AVAILABILITY = YES_AGGRESSIVE;
				CLANG_WARN_UNREACHABLE_CODE = YES;
				CLANG_WARN__DUPLICATE_METHOD_MATCH = YES;
				COPY_PHASE_STRIP = NO;
				DEBUG_INFORMATION_FORMAT = "dwarf-with-dsym";
				ENABLE_NS_ASSERTIONS = NO;
				ENABLE_STRICT_OBJC_MSGSEND = YES;
				GCC_C_LANGUAGE_STANDARD = gnu11;
				GCC_NO_COMMON_BLOCKS = YES;
				GCC_WARN_64_TO_32_BIT_CONVERSION = YES;
				GCC_WARN_ABOUT_RETURN_TYPE = YES_ERROR;
				GCC_WARN_UNDECLARED_SELECTOR = YES;
				GCC_WARN_UNINITIALIZED_AUTOS = YES_AGGRESSIVE;
				GCC_WARN_UNUSED_FUNCTION = YES;
				GCC_WARN_UNUSED_VARIABLE = YES;
				IPHONEOS_DEPLOYMENT_TARGET = 14.0;
				MTL_ENABLE_DEBUG_INFO = NO;
				MTL_FAST_MATH = YES;
				SDKROOT = iphoneos;
				SWIFT_COMPILATION_MODE = wholemodule;
				SWIFT_OPTIMIZATION_LEVEL = "-O";
				TARGETED_DEVICE_FAMILY = 1;
				VALIDATE_PRODUCT = YES;
			};
			name = Release;
		};
		B994C6AD25627DBE000E563C /* Debug */ = {
			isa = XCBuildConfiguration;
			baseConfigurationReference = B251DDD6E742687B7610BEE2 /* Pods-MiniVIBE.debug.xcconfig */;
			buildSettings = {
				ASSETCATALOG_COMPILER_APPICON_NAME = AppIcon;
				ASSETCATALOG_COMPILER_GLOBAL_ACCENT_COLOR_NAME = AccentColor;
				CODE_SIGN_STYLE = Automatic;
				DEVELOPMENT_ASSET_PATHS = "\"MiniVIBE/Preview Content\"";
				DEVELOPMENT_TEAM = B3PWYBKFUK;
				ENABLE_PREVIEWS = YES;
				INFOPLIST_FILE = MiniVIBE/Resources/Info.plist;
				IPHONEOS_DEPLOYMENT_TARGET = 14.0;
				LD_RUNPATH_SEARCH_PATHS = (
					"$(inherited)",
					"@executable_path/Frameworks",
				);
				PRODUCT_BUNDLE_IDENTIFIER = kr.dochoi.MiniVIBE;
				PRODUCT_NAME = "$(TARGET_NAME)";
				SWIFT_VERSION = 5.0;
				TARGETED_DEVICE_FAMILY = 1;
			};
			name = Debug;
		};
		B994C6AE25627DBE000E563C /* Release */ = {
			isa = XCBuildConfiguration;
			baseConfigurationReference = D79633046F581A9010E0BE59 /* Pods-MiniVIBE.release.xcconfig */;
			buildSettings = {
				ASSETCATALOG_COMPILER_APPICON_NAME = AppIcon;
				ASSETCATALOG_COMPILER_GLOBAL_ACCENT_COLOR_NAME = AccentColor;
				CODE_SIGN_STYLE = Automatic;
				DEVELOPMENT_ASSET_PATHS = "\"MiniVIBE/Preview Content\"";
				DEVELOPMENT_TEAM = B3PWYBKFUK;
				ENABLE_PREVIEWS = YES;
				INFOPLIST_FILE = MiniVIBE/Resources/Info.plist;
				IPHONEOS_DEPLOYMENT_TARGET = 14.0;
				LD_RUNPATH_SEARCH_PATHS = (
					"$(inherited)",
					"@executable_path/Frameworks",
				);
				PRODUCT_BUNDLE_IDENTIFIER = kr.dochoi.MiniVIBE;
				PRODUCT_NAME = "$(TARGET_NAME)";
				SWIFT_VERSION = 5.0;
				TARGETED_DEVICE_FAMILY = 1;
			};
			name = Release;
		};
/* End XCBuildConfiguration section */

/* Begin XCConfigurationList section */
		B9885970257684510037D19B /* Build configuration list for PBXNativeTarget "MiniVIBETests" */ = {
			isa = XCConfigurationList;
			buildConfigurations = (
				B9885971257684510037D19B /* Debug */,
				B9885972257684510037D19B /* Release */,
			);
			defaultConfigurationIsVisible = 0;
			defaultConfigurationName = Release;
		};
		B994C69325627DBD000E563C /* Build configuration list for PBXProject "MiniVIBE" */ = {
			isa = XCConfigurationList;
			buildConfigurations = (
				B994C6AA25627DBE000E563C /* Debug */,
				B994C6AB25627DBE000E563C /* Release */,
			);
			defaultConfigurationIsVisible = 0;
			defaultConfigurationName = Release;
		};
		B994C6AC25627DBE000E563C /* Build configuration list for PBXNativeTarget "MiniVIBE" */ = {
			isa = XCConfigurationList;
			buildConfigurations = (
				B994C6AD25627DBE000E563C /* Debug */,
				B994C6AE25627DBE000E563C /* Release */,
			);
			defaultConfigurationIsVisible = 0;
			defaultConfigurationName = Release;
		};
/* End XCConfigurationList section */

/* Begin XCVersionGroup section */
		B994C6A625627DBE000E563C /* MiniVIBE.xcdatamodeld */ = {
			isa = XCVersionGroup;
			children = (
				B994C6A725627DBE000E563C /* MiniVIBE.xcdatamodel */,
			);
			currentVersion = B994C6A725627DBE000E563C /* MiniVIBE.xcdatamodel */;
			path = MiniVIBE.xcdatamodeld;
			sourceTree = "<group>";
			versionGroupType = wrapper.xcdatamodel;
		};
/* End XCVersionGroup section */
	};
	rootObject = B994C69025627DBD000E563C /* Project object */;
}
